// !$*UTF8*$!
{
	archiveVersion = 1;
	classes = {
	};
	objectVersion = 46;
	objects = {

/* Begin PBXBuildFile section */
		2EE18482148756AA007DD779 /* QuartzCore.framework in Frameworks */ = {isa = PBXBuildFile; fileRef = 2EE18481148756AA007DD779 /* QuartzCore.framework */; };
		2EE18484148756AA007DD779 /* OpenGLES.framework in Frameworks */ = {isa = PBXBuildFile; fileRef = 2EE18483148756AA007DD779 /* OpenGLES.framework */; };
		2EE18486148756AA007DD779 /* OpenAL.framework in Frameworks */ = {isa = PBXBuildFile; fileRef = 2EE18485148756AA007DD779 /* OpenAL.framework */; };
		2EE18488148756AA007DD779 /* AudioToolbox.framework in Frameworks */ = {isa = PBXBuildFile; fileRef = 2EE18487148756AA007DD779 /* AudioToolbox.framework */; };
		2EE1848A148756AA007DD779 /* AVFoundation.framework in Frameworks */ = {isa = PBXBuildFile; fileRef = 2EE18489148756AA007DD779 /* AVFoundation.framework */; };
		2EE1848C148756AA007DD779 /* UIKit.framework in Frameworks */ = {isa = PBXBuildFile; fileRef = 2EE1848B148756AA007DD779 /* UIKit.framework */; };
		2EE1848E148756AA007DD779 /* Foundation.framework in Frameworks */ = {isa = PBXBuildFile; fileRef = 2EE1848D148756AA007DD779 /* Foundation.framework */; };
		2EE18490148756AA007DD779 /* CoreGraphics.framework in Frameworks */ = {isa = PBXBuildFile; fileRef = 2EE1848F148756AA007DD779 /* CoreGraphics.framework */; };
		2EE18494148756AA007DD779 /* Default.png in Resources */ = {isa = PBXBuildFile; fileRef = 2EE18493148756AA007DD779 /* Default.png */; };
		2EE18496148756AA007DD779 /* fps_images.png in Resources */ = {isa = PBXBuildFile; fileRef = 2EE18495148756AA007DD779 /* fps_images.png */; };
		2EE18498148756AA007DD779 /* Icon-72.png in Resources */ = {isa = PBXBuildFile; fileRef = 2EE18497148756AA007DD779 /* Icon-72.png */; };
		2EE1849A148756AA007DD779 /* Icon-Small-50.png in Resources */ = {isa = PBXBuildFile; fileRef = 2EE18499148756AA007DD779 /* Icon-Small-50.png */; };
		2EE1849C148756AA007DD779 /* Icon-Small.png in Resources */ = {isa = PBXBuildFile; fileRef = 2EE1849B148756AA007DD779 /* Icon-Small.png */; };
		2EE1849E148756AA007DD779 /* Icon-Small@2x.png in Resources */ = {isa = PBXBuildFile; fileRef = 2EE1849D148756AA007DD779 /* Icon-Small@2x.png */; };
		2EE184A0148756AA007DD779 /* Icon.png in Resources */ = {isa = PBXBuildFile; fileRef = 2EE1849F148756AA007DD779 /* Icon.png */; };
		2EE184A2148756AA007DD779 /* Icon@2x.png in Resources */ = {isa = PBXBuildFile; fileRef = 2EE184A1148756AA007DD779 /* Icon@2x.png */; };
		2EE184A5148756AA007DD779 /* iTunesArtwork in Resources */ = {isa = PBXBuildFile; fileRef = 2EE184A4148756AA007DD779 /* iTunesArtwork */; };
		2EE184AA148756AA007DD779 /* CCAction.m in Sources */ = {isa = PBXBuildFile; fileRef = 2EE184A9148756AA007DD779 /* CCAction.m */; };
		2EE184AD148756AA007DD779 /* CCActionCamera.m in Sources */ = {isa = PBXBuildFile; fileRef = 2EE184AC148756AA007DD779 /* CCActionCamera.m */; };
		2EE184B0148756AA007DD779 /* CCActionEase.m in Sources */ = {isa = PBXBuildFile; fileRef = 2EE184AF148756AA007DD779 /* CCActionEase.m */; };
		2EE184B3148756AA007DD779 /* CCActionGrid.m in Sources */ = {isa = PBXBuildFile; fileRef = 2EE184B2148756AA007DD779 /* CCActionGrid.m */; };
		2EE184B6148756AA007DD779 /* CCActionGrid3D.m in Sources */ = {isa = PBXBuildFile; fileRef = 2EE184B5148756AA007DD779 /* CCActionGrid3D.m */; };
		2EE184B9148756AA007DD779 /* CCActionInstant.m in Sources */ = {isa = PBXBuildFile; fileRef = 2EE184B8148756AA007DD779 /* CCActionInstant.m */; };
		2EE184BC148756AA007DD779 /* CCActionInterval.m in Sources */ = {isa = PBXBuildFile; fileRef = 2EE184BB148756AA007DD779 /* CCActionInterval.m */; };
		2EE184BF148756AA007DD779 /* CCActionManager.m in Sources */ = {isa = PBXBuildFile; fileRef = 2EE184BE148756AA007DD779 /* CCActionManager.m */; };
		2EE184C2148756AA007DD779 /* CCActionPageTurn3D.m in Sources */ = {isa = PBXBuildFile; fileRef = 2EE184C1148756AA007DD779 /* CCActionPageTurn3D.m */; };
		2EE184C5148756AA007DD779 /* CCActionProgressTimer.m in Sources */ = {isa = PBXBuildFile; fileRef = 2EE184C4148756AA007DD779 /* CCActionProgressTimer.m */; };
		2EE184C8148756AA007DD779 /* CCActionTiledGrid.m in Sources */ = {isa = PBXBuildFile; fileRef = 2EE184C7148756AA007DD779 /* CCActionTiledGrid.m */; };
		2EE184CB148756AA007DD779 /* CCActionTween.m in Sources */ = {isa = PBXBuildFile; fileRef = 2EE184CA148756AA007DD779 /* CCActionTween.m */; };
		2EE184CE148756AA007DD779 /* CCAnimation.m in Sources */ = {isa = PBXBuildFile; fileRef = 2EE184CD148756AA007DD779 /* CCAnimation.m */; };
		2EE184D1148756AA007DD779 /* CCAnimationCache.m in Sources */ = {isa = PBXBuildFile; fileRef = 2EE184D0148756AA007DD779 /* CCAnimationCache.m */; };
		2EE184D4148756AA007DD779 /* CCAtlasNode.m in Sources */ = {isa = PBXBuildFile; fileRef = 2EE184D3148756AA007DD779 /* CCAtlasNode.m */; };
		2EE184D7148756AA007DD779 /* CCBlockSupport.m in Sources */ = {isa = PBXBuildFile; fileRef = 2EE184D6148756AA007DD779 /* CCBlockSupport.m */; };
		2EE184DA148756AB007DD779 /* CCCamera.m in Sources */ = {isa = PBXBuildFile; fileRef = 2EE184D9148756AB007DD779 /* CCCamera.m */; };
		2EE184DE148756AB007DD779 /* CCConfiguration.m in Sources */ = {isa = PBXBuildFile; fileRef = 2EE184DD148756AB007DD779 /* CCConfiguration.m */; };
		2EE184E1148756AB007DD779 /* CCDirector.m in Sources */ = {isa = PBXBuildFile; fileRef = 2EE184E0148756AB007DD779 /* CCDirector.m */; };
		2EE184E4148756AB007DD779 /* CCDrawingPrimitives.m in Sources */ = {isa = PBXBuildFile; fileRef = 2EE184E3148756AB007DD779 /* CCDrawingPrimitives.m */; };
		2EE184E7148756AB007DD779 /* CCGrabber.m in Sources */ = {isa = PBXBuildFile; fileRef = 2EE184E6148756AB007DD779 /* CCGrabber.m */; };
		2EE184EA148756AB007DD779 /* CCGrid.m in Sources */ = {isa = PBXBuildFile; fileRef = 2EE184E9148756AB007DD779 /* CCGrid.m */; };
		2EE184ED148756AB007DD779 /* CCLabelAtlas.m in Sources */ = {isa = PBXBuildFile; fileRef = 2EE184EC148756AB007DD779 /* CCLabelAtlas.m */; };
		2EE184F0148756AB007DD779 /* CCLabelBMFont.m in Sources */ = {isa = PBXBuildFile; fileRef = 2EE184EF148756AB007DD779 /* CCLabelBMFont.m */; };
		2EE184F3148756AB007DD779 /* CCLabelTTF.m in Sources */ = {isa = PBXBuildFile; fileRef = 2EE184F2148756AB007DD779 /* CCLabelTTF.m */; };
		2EE184F6148756AB007DD779 /* CCLayer.m in Sources */ = {isa = PBXBuildFile; fileRef = 2EE184F5148756AB007DD779 /* CCLayer.m */; };
		2EE184FA148756AB007DD779 /* CCMenu.m in Sources */ = {isa = PBXBuildFile; fileRef = 2EE184F9148756AB007DD779 /* CCMenu.m */; };
		2EE184FD148756AB007DD779 /* CCMenuItem.m in Sources */ = {isa = PBXBuildFile; fileRef = 2EE184FC148756AB007DD779 /* CCMenuItem.m */; };
		2EE18500148756AB007DD779 /* CCMotionStreak.m in Sources */ = {isa = PBXBuildFile; fileRef = 2EE184FF148756AB007DD779 /* CCMotionStreak.m */; };
		2EE18503148756AB007DD779 /* CCNode.m in Sources */ = {isa = PBXBuildFile; fileRef = 2EE18502148756AB007DD779 /* CCNode.m */; };
		2EE18506148756AB007DD779 /* CCParallaxNode.m in Sources */ = {isa = PBXBuildFile; fileRef = 2EE18505148756AB007DD779 /* CCParallaxNode.m */; };
		2EE18509148756AB007DD779 /* CCParticleExamples.m in Sources */ = {isa = PBXBuildFile; fileRef = 2EE18508148756AB007DD779 /* CCParticleExamples.m */; };
		2EE1850C148756AB007DD779 /* CCParticleSystem.m in Sources */ = {isa = PBXBuildFile; fileRef = 2EE1850B148756AB007DD779 /* CCParticleSystem.m */; };
		2EE1850F148756AB007DD779 /* CCParticleSystemPoint.m in Sources */ = {isa = PBXBuildFile; fileRef = 2EE1850E148756AB007DD779 /* CCParticleSystemPoint.m */; };
		2EE18512148756AB007DD779 /* CCParticleSystemQuad.m in Sources */ = {isa = PBXBuildFile; fileRef = 2EE18511148756AB007DD779 /* CCParticleSystemQuad.m */; };
		2EE18515148756AB007DD779 /* CCProgressTimer.m in Sources */ = {isa = PBXBuildFile; fileRef = 2EE18514148756AB007DD779 /* CCProgressTimer.m */; };
		2EE18519148756AB007DD779 /* CCRenderTexture.m in Sources */ = {isa = PBXBuildFile; fileRef = 2EE18518148756AB007DD779 /* CCRenderTexture.m */; };
		2EE1851C148756AB007DD779 /* CCRibbon.m in Sources */ = {isa = PBXBuildFile; fileRef = 2EE1851B148756AB007DD779 /* CCRibbon.m */; };
		2EE1851F148756AB007DD779 /* CCScene.m in Sources */ = {isa = PBXBuildFile; fileRef = 2EE1851E148756AB007DD779 /* CCScene.m */; };
		2EE18522148756AB007DD779 /* CCScheduler.m in Sources */ = {isa = PBXBuildFile; fileRef = 2EE18521148756AB007DD779 /* CCScheduler.m */; };
		2EE18525148756AB007DD779 /* CCSprite.m in Sources */ = {isa = PBXBuildFile; fileRef = 2EE18524148756AB007DD779 /* CCSprite.m */; };
		2EE18528148756AB007DD779 /* CCSpriteBatchNode.m in Sources */ = {isa = PBXBuildFile; fileRef = 2EE18527148756AB007DD779 /* CCSpriteBatchNode.m */; };
		2EE1852B148756AB007DD779 /* CCSpriteFrame.m in Sources */ = {isa = PBXBuildFile; fileRef = 2EE1852A148756AB007DD779 /* CCSpriteFrame.m */; };
		2EE1852E148756AB007DD779 /* CCSpriteFrameCache.m in Sources */ = {isa = PBXBuildFile; fileRef = 2EE1852D148756AB007DD779 /* CCSpriteFrameCache.m */; };
		2EE18531148756AB007DD779 /* CCTexture2D.m in Sources */ = {isa = PBXBuildFile; fileRef = 2EE18530148756AB007DD779 /* CCTexture2D.m */; };
		2EE18534148756AB007DD779 /* CCTextureAtlas.m in Sources */ = {isa = PBXBuildFile; fileRef = 2EE18533148756AB007DD779 /* CCTextureAtlas.m */; };
		2EE18537148756AB007DD779 /* CCTextureCache.m in Sources */ = {isa = PBXBuildFile; fileRef = 2EE18536148756AB007DD779 /* CCTextureCache.m */; };
		2EE1853A148756AB007DD779 /* CCTexturePVR.m in Sources */ = {isa = PBXBuildFile; fileRef = 2EE18539148756AB007DD779 /* CCTexturePVR.m */; };
		2EE1853D148756AB007DD779 /* CCTileMapAtlas.m in Sources */ = {isa = PBXBuildFile; fileRef = 2EE1853C148756AB007DD779 /* CCTileMapAtlas.m */; };
		2EE18540148756AB007DD779 /* CCTMXLayer.m in Sources */ = {isa = PBXBuildFile; fileRef = 2EE1853F148756AB007DD779 /* CCTMXLayer.m */; };
		2EE18543148756AB007DD779 /* CCTMXObjectGroup.m in Sources */ = {isa = PBXBuildFile; fileRef = 2EE18542148756AB007DD779 /* CCTMXObjectGroup.m */; };
		2EE18546148756AB007DD779 /* CCTMXTiledMap.m in Sources */ = {isa = PBXBuildFile; fileRef = 2EE18545148756AB007DD779 /* CCTMXTiledMap.m */; };
		2EE18549148756AB007DD779 /* CCTMXXMLParser.m in Sources */ = {isa = PBXBuildFile; fileRef = 2EE18548148756AB007DD779 /* CCTMXXMLParser.m */; };
		2EE1854C148756AB007DD779 /* CCTransition.m in Sources */ = {isa = PBXBuildFile; fileRef = 2EE1854B148756AB007DD779 /* CCTransition.m */; };
		2EE1854F148756AB007DD779 /* CCTransitionPageTurn.m in Sources */ = {isa = PBXBuildFile; fileRef = 2EE1854E148756AB007DD779 /* CCTransitionPageTurn.m */; };
		2EE18552148756AB007DD779 /* CCTransitionRadial.m in Sources */ = {isa = PBXBuildFile; fileRef = 2EE18551148756AB007DD779 /* CCTransitionRadial.m */; };
		2EE18556148756AB007DD779 /* cocos2d.m in Sources */ = {isa = PBXBuildFile; fileRef = 2EE18555148756AB007DD779 /* cocos2d.m */; };
		2EE1855D148756AB007DD779 /* CCDirectorIOS.m in Sources */ = {isa = PBXBuildFile; fileRef = 2EE1855C148756AB007DD779 /* CCDirectorIOS.m */; };
		2EE18561148756AB007DD779 /* CCTouchDispatcher.m in Sources */ = {isa = PBXBuildFile; fileRef = 2EE18560148756AB007DD779 /* CCTouchDispatcher.m */; };
		2EE18564148756AB007DD779 /* CCTouchHandler.m in Sources */ = {isa = PBXBuildFile; fileRef = 2EE18563148756AB007DD779 /* CCTouchHandler.m */; };
		2EE18567148756AC007DD779 /* EAGLView.m in Sources */ = {isa = PBXBuildFile; fileRef = 2EE18566148756AC007DD779 /* EAGLView.m */; };
		2EE1856A148756AC007DD779 /* ES1Renderer.m in Sources */ = {isa = PBXBuildFile; fileRef = 2EE18569148756AC007DD779 /* ES1Renderer.m */; };
		2EE1856D148756AC007DD779 /* glu.c in Sources */ = {isa = PBXBuildFile; fileRef = 2EE1856C148756AC007DD779 /* glu.c */; };
		2EE18572148756AC007DD779 /* CCDirectorMac.m in Sources */ = {isa = PBXBuildFile; fileRef = 2EE18571148756AC007DD779 /* CCDirectorMac.m */; };
		2EE18575148756AC007DD779 /* CCEventDispatcher.m in Sources */ = {isa = PBXBuildFile; fileRef = 2EE18574148756AC007DD779 /* CCEventDispatcher.m */; };
		2EE18578148756AC007DD779 /* MacGLView.m in Sources */ = {isa = PBXBuildFile; fileRef = 2EE18577148756AC007DD779 /* MacGLView.m */; };
		2EE1857B148756AC007DD779 /* MacWindow.m in Sources */ = {isa = PBXBuildFile; fileRef = 2EE1857A148756AC007DD779 /* MacWindow.m */; };
		2EE1857E148756AC007DD779 /* base64.c in Sources */ = {isa = PBXBuildFile; fileRef = 2EE1857D148756AC007DD779 /* base64.c */; };
		2EE18582148756AC007DD779 /* CCArray.m in Sources */ = {isa = PBXBuildFile; fileRef = 2EE18581148756AC007DD779 /* CCArray.m */; };
		2EE18586148756AC007DD779 /* CCFileUtils.m in Sources */ = {isa = PBXBuildFile; fileRef = 2EE18585148756AC007DD779 /* CCFileUtils.m */; };
		2EE18589148756AC007DD779 /* CCProfiling.m in Sources */ = {isa = PBXBuildFile; fileRef = 2EE18588148756AC007DD779 /* CCProfiling.m */; };
		2EE1858B148756AC007DD779 /* ccUtils.c in Sources */ = {isa = PBXBuildFile; fileRef = 2EE1858A148756AC007DD779 /* ccUtils.c */; };
		2EE1858F148756AC007DD779 /* CGPointExtension.m in Sources */ = {isa = PBXBuildFile; fileRef = 2EE1858E148756AC007DD779 /* CGPointExtension.m */; };
		2EE18593148756AC007DD779 /* TGAlib.m in Sources */ = {isa = PBXBuildFile; fileRef = 2EE18592148756AC007DD779 /* TGAlib.m */; };
		2EE18596148756AC007DD779 /* TransformUtils.m in Sources */ = {isa = PBXBuildFile; fileRef = 2EE18595148756AC007DD779 /* TransformUtils.m */; };
		2EE1859B148756AC007DD779 /* ZipUtils.m in Sources */ = {isa = PBXBuildFile; fileRef = 2EE1859A148756AC007DD779 /* ZipUtils.m */; };
		2EE185A0148756AC007DD779 /* CDAudioManager.m in Sources */ = {isa = PBXBuildFile; fileRef = 2EE1859F148756AC007DD779 /* CDAudioManager.m */; };
		2EE185A4148756AC007DD779 /* CDOpenALSupport.m in Sources */ = {isa = PBXBuildFile; fileRef = 2EE185A3148756AC007DD779 /* CDOpenALSupport.m */; };
		2EE185A7148756AC007DD779 /* CocosDenshion.m in Sources */ = {isa = PBXBuildFile; fileRef = 2EE185A6148756AC007DD779 /* CocosDenshion.m */; };
		2EE185AA148756AC007DD779 /* SimpleAudioEngine.m in Sources */ = {isa = PBXBuildFile; fileRef = 2EE185A9148756AC007DD779 /* SimpleAudioEngine.m */; };
		2EE185AF148756AC007DD779 /* CLScoreServerPost.m in Sources */ = {isa = PBXBuildFile; fileRef = 2EE185AE148756AC007DD779 /* CLScoreServerPost.m */; };
		2EE185B2148756AC007DD779 /* CLScoreServerRequest.m in Sources */ = {isa = PBXBuildFile; fileRef = 2EE185B1148756AC007DD779 /* CLScoreServerRequest.m */; };
		2EE185B5148756AC007DD779 /* cocoslive.m in Sources */ = {isa = PBXBuildFile; fileRef = 2EE185B4148756AC007DD779 /* cocoslive.m */; };
		2EE185BA148756AC007DD779 /* CDataScanner.m in Sources */ = {isa = PBXBuildFile; fileRef = 2EE185B9148756AC007DD779 /* CDataScanner.m */; };
		2EE185BE148756AC007DD779 /* CDataScanner_Extensions.m in Sources */ = {isa = PBXBuildFile; fileRef = 2EE185BD148756AC007DD779 /* CDataScanner_Extensions.m */; };
		2EE185C1148756AC007DD779 /* NSDictionary_JSONExtensions.m in Sources */ = {isa = PBXBuildFile; fileRef = 2EE185C0148756AC007DD779 /* NSDictionary_JSONExtensions.m */; };
		2EE185C5148756AC007DD779 /* CJSONDeserializer.m in Sources */ = {isa = PBXBuildFile; fileRef = 2EE185C4148756AC007DD779 /* CJSONDeserializer.m */; };
		2EE185C8148756AC007DD779 /* CJSONScanner.m in Sources */ = {isa = PBXBuildFile; fileRef = 2EE185C7148756AC007DD779 /* CJSONScanner.m */; };
		2EE185CB148756AC007DD779 /* CJSONSerializer.m in Sources */ = {isa = PBXBuildFile; fileRef = 2EE185CA148756AC007DD779 /* CJSONSerializer.m */; };
		2EE185D0148756AC007DD779 /* FontLabel.m in Sources */ = {isa = PBXBuildFile; fileRef = 2EE185CF148756AC007DD779 /* FontLabel.m */; };
		2EE185D3148756AC007DD779 /* FontLabelStringDrawing.m in Sources */ = {isa = PBXBuildFile; fileRef = 2EE185D2148756AC007DD779 /* FontLabelStringDrawing.m */; };
		2EE185D6148756AC007DD779 /* FontManager.m in Sources */ = {isa = PBXBuildFile; fileRef = 2EE185D5148756AC007DD779 /* FontManager.m */; };
		2EE185D9148756AC007DD779 /* ZAttributedString.m in Sources */ = {isa = PBXBuildFile; fileRef = 2EE185D8148756AC007DD779 /* ZAttributedString.m */; };
		2EE185DD148756AC007DD779 /* ZFont.m in Sources */ = {isa = PBXBuildFile; fileRef = 2EE185DC148756AC007DD779 /* ZFont.m */; };
		2EE185E2148756AC007DD779 /* main.m in Sources */ = {isa = PBXBuildFile; fileRef = 2EE185E1148756AC007DD779 /* main.m */; };
		2EE185E5148756AC007DD779 /* AppDelegate.m in Sources */ = {isa = PBXBuildFile; fileRef = 2EE185E4148756AC007DD779 /* AppDelegate.m */; };
		2EE185E8148756AC007DD779 /* RootViewController.m in Sources */ = {isa = PBXBuildFile; fileRef = 2EE185E7148756AC007DD779 /* RootViewController.m */; };
		2EE185EB148756AC007DD779 /* HelloWorldLayer.m in Sources */ = {isa = PBXBuildFile; fileRef = 2EE185EA148756AC007DD779 /* HelloWorldLayer.m */; };
/* End PBXBuildFile section */

/* Begin PBXFileReference section */
		2EE1847D148756AA007DD779 /* ptaci.app */ = {isa = PBXFileReference; explicitFileType = wrapper.application; includeInIndex = 0; path = ptaci.app; sourceTree = BUILT_PRODUCTS_DIR; };
		2EE18481148756AA007DD779 /* QuartzCore.framework */ = {isa = PBXFileReference; lastKnownFileType = wrapper.framework; name = QuartzCore.framework; path = System/Library/Frameworks/QuartzCore.framework; sourceTree = SDKROOT; };
		2EE18483148756AA007DD779 /* OpenGLES.framework */ = {isa = PBXFileReference; lastKnownFileType = wrapper.framework; name = OpenGLES.framework; path = System/Library/Frameworks/OpenGLES.framework; sourceTree = SDKROOT; };
		2EE18485148756AA007DD779 /* OpenAL.framework */ = {isa = PBXFileReference; lastKnownFileType = wrapper.framework; name = OpenAL.framework; path = System/Library/Frameworks/OpenAL.framework; sourceTree = SDKROOT; };
		2EE18487148756AA007DD779 /* AudioToolbox.framework */ = {isa = PBXFileReference; lastKnownFileType = wrapper.framework; name = AudioToolbox.framework; path = System/Library/Frameworks/AudioToolbox.framework; sourceTree = SDKROOT; };
		2EE18489148756AA007DD779 /* AVFoundation.framework */ = {isa = PBXFileReference; lastKnownFileType = wrapper.framework; name = AVFoundation.framework; path = System/Library/Frameworks/AVFoundation.framework; sourceTree = SDKROOT; };
		2EE1848B148756AA007DD779 /* UIKit.framework */ = {isa = PBXFileReference; lastKnownFileType = wrapper.framework; name = UIKit.framework; path = System/Library/Frameworks/UIKit.framework; sourceTree = SDKROOT; };
		2EE1848D148756AA007DD779 /* Foundation.framework */ = {isa = PBXFileReference; lastKnownFileType = wrapper.framework; name = Foundation.framework; path = System/Library/Frameworks/Foundation.framework; sourceTree = SDKROOT; };
		2EE1848F148756AA007DD779 /* CoreGraphics.framework */ = {isa = PBXFileReference; lastKnownFileType = wrapper.framework; name = CoreGraphics.framework; path = System/Library/Frameworks/CoreGraphics.framework; sourceTree = SDKROOT; };
		2EE18493148756AA007DD779 /* Default.png */ = {isa = PBXFileReference; lastKnownFileType = image.png; name = Default.png; path = Resources/Default.png; sourceTree = "<group>"; };
		2EE18495148756AA007DD779 /* fps_images.png */ = {isa = PBXFileReference; lastKnownFileType = image.png; name = fps_images.png; path = Resources/fps_images.png; sourceTree = "<group>"; };
		2EE18497148756AA007DD779 /* Icon-72.png */ = {isa = PBXFileReference; lastKnownFileType = image.png; name = "Icon-72.png"; path = "Resources/Icon-72.png"; sourceTree = "<group>"; };
		2EE18499148756AA007DD779 /* Icon-Small-50.png */ = {isa = PBXFileReference; lastKnownFileType = image.png; name = "Icon-Small-50.png"; path = "Resources/Icon-Small-50.png"; sourceTree = "<group>"; };
		2EE1849B148756AA007DD779 /* Icon-Small.png */ = {isa = PBXFileReference; lastKnownFileType = image.png; name = "Icon-Small.png"; path = "Resources/Icon-Small.png"; sourceTree = "<group>"; };
		2EE1849D148756AA007DD779 /* Icon-Small@2x.png */ = {isa = PBXFileReference; lastKnownFileType = image.png; name = "Icon-Small@2x.png"; path = "Resources/Icon-Small@2x.png"; sourceTree = "<group>"; };
		2EE1849F148756AA007DD779 /* Icon.png */ = {isa = PBXFileReference; lastKnownFileType = image.png; name = Icon.png; path = Resources/Icon.png; sourceTree = "<group>"; };
		2EE184A1148756AA007DD779 /* Icon@2x.png */ = {isa = PBXFileReference; lastKnownFileType = image.png; name = "Icon@2x.png"; path = "Resources/Icon@2x.png"; sourceTree = "<group>"; };
		2EE184A3148756AA007DD779 /* Info.plist */ = {isa = PBXFileReference; name = Info.plist; path = Resources/Info.plist; sourceTree = "<group>"; };
		2EE184A4148756AA007DD779 /* iTunesArtwork */ = {isa = PBXFileReference; lastKnownFileType = file; name = iTunesArtwork; path = Resources/iTunesArtwork; sourceTree = "<group>"; };
		2EE184A8148756AA007DD779 /* CCAction.h */ = {isa = PBXFileReference; name = CCAction.h; path = libs/cocos2d/CCAction.h; sourceTree = "<group>"; };
		2EE184A9148756AA007DD779 /* CCAction.m */ = {isa = PBXFileReference; lastKnownFileType = sourcecode.c.objc; name = CCAction.m; path = libs/cocos2d/CCAction.m; sourceTree = "<group>"; };
		2EE184AB148756AA007DD779 /* CCActionCamera.h */ = {isa = PBXFileReference; name = CCActionCamera.h; path = libs/cocos2d/CCActionCamera.h; sourceTree = "<group>"; };
		2EE184AC148756AA007DD779 /* CCActionCamera.m */ = {isa = PBXFileReference; lastKnownFileType = sourcecode.c.objc; name = CCActionCamera.m; path = libs/cocos2d/CCActionCamera.m; sourceTree = "<group>"; };
		2EE184AE148756AA007DD779 /* CCActionEase.h */ = {isa = PBXFileReference; name = CCActionEase.h; path = libs/cocos2d/CCActionEase.h; sourceTree = "<group>"; };
		2EE184AF148756AA007DD779 /* CCActionEase.m */ = {isa = PBXFileReference; lastKnownFileType = sourcecode.c.objc; name = CCActionEase.m; path = libs/cocos2d/CCActionEase.m; sourceTree = "<group>"; };
		2EE184B1148756AA007DD779 /* CCActionGrid.h */ = {isa = PBXFileReference; name = CCActionGrid.h; path = libs/cocos2d/CCActionGrid.h; sourceTree = "<group>"; };
		2EE184B2148756AA007DD779 /* CCActionGrid.m */ = {isa = PBXFileReference; lastKnownFileType = sourcecode.c.objc; name = CCActionGrid.m; path = libs/cocos2d/CCActionGrid.m; sourceTree = "<group>"; };
		2EE184B4148756AA007DD779 /* CCActionGrid3D.h */ = {isa = PBXFileReference; name = CCActionGrid3D.h; path = libs/cocos2d/CCActionGrid3D.h; sourceTree = "<group>"; };
		2EE184B5148756AA007DD779 /* CCActionGrid3D.m */ = {isa = PBXFileReference; lastKnownFileType = sourcecode.c.objc; name = CCActionGrid3D.m; path = libs/cocos2d/CCActionGrid3D.m; sourceTree = "<group>"; };
		2EE184B7148756AA007DD779 /* CCActionInstant.h */ = {isa = PBXFileReference; name = CCActionInstant.h; path = libs/cocos2d/CCActionInstant.h; sourceTree = "<group>"; };
		2EE184B8148756AA007DD779 /* CCActionInstant.m */ = {isa = PBXFileReference; lastKnownFileType = sourcecode.c.objc; name = CCActionInstant.m; path = libs/cocos2d/CCActionInstant.m; sourceTree = "<group>"; };
		2EE184BA148756AA007DD779 /* CCActionInterval.h */ = {isa = PBXFileReference; name = CCActionInterval.h; path = libs/cocos2d/CCActionInterval.h; sourceTree = "<group>"; };
		2EE184BB148756AA007DD779 /* CCActionInterval.m */ = {isa = PBXFileReference; lastKnownFileType = sourcecode.c.objc; name = CCActionInterval.m; path = libs/cocos2d/CCActionInterval.m; sourceTree = "<group>"; };
		2EE184BD148756AA007DD779 /* CCActionManager.h */ = {isa = PBXFileReference; name = CCActionManager.h; path = libs/cocos2d/CCActionManager.h; sourceTree = "<group>"; };
		2EE184BE148756AA007DD779 /* CCActionManager.m */ = {isa = PBXFileReference; lastKnownFileType = sourcecode.c.objc; name = CCActionManager.m; path = libs/cocos2d/CCActionManager.m; sourceTree = "<group>"; };
		2EE184C0148756AA007DD779 /* CCActionPageTurn3D.h */ = {isa = PBXFileReference; name = CCActionPageTurn3D.h; path = libs/cocos2d/CCActionPageTurn3D.h; sourceTree = "<group>"; };
		2EE184C1148756AA007DD779 /* CCActionPageTurn3D.m */ = {isa = PBXFileReference; lastKnownFileType = sourcecode.c.objc; name = CCActionPageTurn3D.m; path = libs/cocos2d/CCActionPageTurn3D.m; sourceTree = "<group>"; };
		2EE184C3148756AA007DD779 /* CCActionProgressTimer.h */ = {isa = PBXFileReference; name = CCActionProgressTimer.h; path = libs/cocos2d/CCActionProgressTimer.h; sourceTree = "<group>"; };
		2EE184C4148756AA007DD779 /* CCActionProgressTimer.m */ = {isa = PBXFileReference; lastKnownFileType = sourcecode.c.objc; name = CCActionProgressTimer.m; path = libs/cocos2d/CCActionProgressTimer.m; sourceTree = "<group>"; };
		2EE184C6148756AA007DD779 /* CCActionTiledGrid.h */ = {isa = PBXFileReference; name = CCActionTiledGrid.h; path = libs/cocos2d/CCActionTiledGrid.h; sourceTree = "<group>"; };
		2EE184C7148756AA007DD779 /* CCActionTiledGrid.m */ = {isa = PBXFileReference; lastKnownFileType = sourcecode.c.objc; name = CCActionTiledGrid.m; path = libs/cocos2d/CCActionTiledGrid.m; sourceTree = "<group>"; };
		2EE184C9148756AA007DD779 /* CCActionTween.h */ = {isa = PBXFileReference; name = CCActionTween.h; path = libs/cocos2d/CCActionTween.h; sourceTree = "<group>"; };
		2EE184CA148756AA007DD779 /* CCActionTween.m */ = {isa = PBXFileReference; lastKnownFileType = sourcecode.c.objc; name = CCActionTween.m; path = libs/cocos2d/CCActionTween.m; sourceTree = "<group>"; };
		2EE184CC148756AA007DD779 /* CCAnimation.h */ = {isa = PBXFileReference; name = CCAnimation.h; path = libs/cocos2d/CCAnimation.h; sourceTree = "<group>"; };
		2EE184CD148756AA007DD779 /* CCAnimation.m */ = {isa = PBXFileReference; lastKnownFileType = sourcecode.c.objc; name = CCAnimation.m; path = libs/cocos2d/CCAnimation.m; sourceTree = "<group>"; };
		2EE184CF148756AA007DD779 /* CCAnimationCache.h */ = {isa = PBXFileReference; name = CCAnimationCache.h; path = libs/cocos2d/CCAnimationCache.h; sourceTree = "<group>"; };
		2EE184D0148756AA007DD779 /* CCAnimationCache.m */ = {isa = PBXFileReference; lastKnownFileType = sourcecode.c.objc; name = CCAnimationCache.m; path = libs/cocos2d/CCAnimationCache.m; sourceTree = "<group>"; };
		2EE184D2148756AA007DD779 /* CCAtlasNode.h */ = {isa = PBXFileReference; name = CCAtlasNode.h; path = libs/cocos2d/CCAtlasNode.h; sourceTree = "<group>"; };
		2EE184D3148756AA007DD779 /* CCAtlasNode.m */ = {isa = PBXFileReference; lastKnownFileType = sourcecode.c.objc; name = CCAtlasNode.m; path = libs/cocos2d/CCAtlasNode.m; sourceTree = "<group>"; };
		2EE184D5148756AA007DD779 /* CCBlockSupport.h */ = {isa = PBXFileReference; name = CCBlockSupport.h; path = libs/cocos2d/CCBlockSupport.h; sourceTree = "<group>"; };
		2EE184D6148756AA007DD779 /* CCBlockSupport.m */ = {isa = PBXFileReference; lastKnownFileType = sourcecode.c.objc; name = CCBlockSupport.m; path = libs/cocos2d/CCBlockSupport.m; sourceTree = "<group>"; };
		2EE184D8148756AB007DD779 /* CCCamera.h */ = {isa = PBXFileReference; name = CCCamera.h; path = libs/cocos2d/CCCamera.h; sourceTree = "<group>"; };
		2EE184D9148756AB007DD779 /* CCCamera.m */ = {isa = PBXFileReference; lastKnownFileType = sourcecode.c.objc; name = CCCamera.m; path = libs/cocos2d/CCCamera.m; sourceTree = "<group>"; };
		2EE184DB148756AB007DD779 /* ccConfig.h */ = {isa = PBXFileReference; name = ccConfig.h; path = libs/cocos2d/ccConfig.h; sourceTree = "<group>"; };
		2EE184DC148756AB007DD779 /* CCConfiguration.h */ = {isa = PBXFileReference; name = CCConfiguration.h; path = libs/cocos2d/CCConfiguration.h; sourceTree = "<group>"; };
		2EE184DD148756AB007DD779 /* CCConfiguration.m */ = {isa = PBXFileReference; lastKnownFileType = sourcecode.c.objc; name = CCConfiguration.m; path = libs/cocos2d/CCConfiguration.m; sourceTree = "<group>"; };
		2EE184DF148756AB007DD779 /* CCDirector.h */ = {isa = PBXFileReference; name = CCDirector.h; path = libs/cocos2d/CCDirector.h; sourceTree = "<group>"; };
		2EE184E0148756AB007DD779 /* CCDirector.m */ = {isa = PBXFileReference; lastKnownFileType = sourcecode.c.objc; name = CCDirector.m; path = libs/cocos2d/CCDirector.m; sourceTree = "<group>"; };
		2EE184E2148756AB007DD779 /* CCDrawingPrimitives.h */ = {isa = PBXFileReference; name = CCDrawingPrimitives.h; path = libs/cocos2d/CCDrawingPrimitives.h; sourceTree = "<group>"; };
		2EE184E3148756AB007DD779 /* CCDrawingPrimitives.m */ = {isa = PBXFileReference; lastKnownFileType = sourcecode.c.objc; name = CCDrawingPrimitives.m; path = libs/cocos2d/CCDrawingPrimitives.m; sourceTree = "<group>"; };
		2EE184E5148756AB007DD779 /* CCGrabber.h */ = {isa = PBXFileReference; name = CCGrabber.h; path = libs/cocos2d/CCGrabber.h; sourceTree = "<group>"; };
		2EE184E6148756AB007DD779 /* CCGrabber.m */ = {isa = PBXFileReference; lastKnownFileType = sourcecode.c.objc; name = CCGrabber.m; path = libs/cocos2d/CCGrabber.m; sourceTree = "<group>"; };
		2EE184E8148756AB007DD779 /* CCGrid.h */ = {isa = PBXFileReference; name = CCGrid.h; path = libs/cocos2d/CCGrid.h; sourceTree = "<group>"; };
		2EE184E9148756AB007DD779 /* CCGrid.m */ = {isa = PBXFileReference; lastKnownFileType = sourcecode.c.objc; name = CCGrid.m; path = libs/cocos2d/CCGrid.m; sourceTree = "<group>"; };
		2EE184EB148756AB007DD779 /* CCLabelAtlas.h */ = {isa = PBXFileReference; name = CCLabelAtlas.h; path = libs/cocos2d/CCLabelAtlas.h; sourceTree = "<group>"; };
		2EE184EC148756AB007DD779 /* CCLabelAtlas.m */ = {isa = PBXFileReference; lastKnownFileType = sourcecode.c.objc; name = CCLabelAtlas.m; path = libs/cocos2d/CCLabelAtlas.m; sourceTree = "<group>"; };
		2EE184EE148756AB007DD779 /* CCLabelBMFont.h */ = {isa = PBXFileReference; name = CCLabelBMFont.h; path = libs/cocos2d/CCLabelBMFont.h; sourceTree = "<group>"; };
		2EE184EF148756AB007DD779 /* CCLabelBMFont.m */ = {isa = PBXFileReference; lastKnownFileType = sourcecode.c.objc; name = CCLabelBMFont.m; path = libs/cocos2d/CCLabelBMFont.m; sourceTree = "<group>"; };
		2EE184F1148756AB007DD779 /* CCLabelTTF.h */ = {isa = PBXFileReference; name = CCLabelTTF.h; path = libs/cocos2d/CCLabelTTF.h; sourceTree = "<group>"; };
		2EE184F2148756AB007DD779 /* CCLabelTTF.m */ = {isa = PBXFileReference; lastKnownFileType = sourcecode.c.objc; name = CCLabelTTF.m; path = libs/cocos2d/CCLabelTTF.m; sourceTree = "<group>"; };
		2EE184F4148756AB007DD779 /* CCLayer.h */ = {isa = PBXFileReference; name = CCLayer.h; path = libs/cocos2d/CCLayer.h; sourceTree = "<group>"; };
		2EE184F5148756AB007DD779 /* CCLayer.m */ = {isa = PBXFileReference; lastKnownFileType = sourcecode.c.objc; name = CCLayer.m; path = libs/cocos2d/CCLayer.m; sourceTree = "<group>"; };
		2EE184F7148756AB007DD779 /* ccMacros.h */ = {isa = PBXFileReference; name = ccMacros.h; path = libs/cocos2d/ccMacros.h; sourceTree = "<group>"; };
		2EE184F8148756AB007DD779 /* CCMenu.h */ = {isa = PBXFileReference; name = CCMenu.h; path = libs/cocos2d/CCMenu.h; sourceTree = "<group>"; };
		2EE184F9148756AB007DD779 /* CCMenu.m */ = {isa = PBXFileReference; lastKnownFileType = sourcecode.c.objc; name = CCMenu.m; path = libs/cocos2d/CCMenu.m; sourceTree = "<group>"; };
		2EE184FB148756AB007DD779 /* CCMenuItem.h */ = {isa = PBXFileReference; name = CCMenuItem.h; path = libs/cocos2d/CCMenuItem.h; sourceTree = "<group>"; };
		2EE184FC148756AB007DD779 /* CCMenuItem.m */ = {isa = PBXFileReference; lastKnownFileType = sourcecode.c.objc; name = CCMenuItem.m; path = libs/cocos2d/CCMenuItem.m; sourceTree = "<group>"; };
		2EE184FE148756AB007DD779 /* CCMotionStreak.h */ = {isa = PBXFileReference; name = CCMotionStreak.h; path = libs/cocos2d/CCMotionStreak.h; sourceTree = "<group>"; };
		2EE184FF148756AB007DD779 /* CCMotionStreak.m */ = {isa = PBXFileReference; lastKnownFileType = sourcecode.c.objc; name = CCMotionStreak.m; path = libs/cocos2d/CCMotionStreak.m; sourceTree = "<group>"; };
		2EE18501148756AB007DD779 /* CCNode.h */ = {isa = PBXFileReference; name = CCNode.h; path = libs/cocos2d/CCNode.h; sourceTree = "<group>"; };
		2EE18502148756AB007DD779 /* CCNode.m */ = {isa = PBXFileReference; lastKnownFileType = sourcecode.c.objc; name = CCNode.m; path = libs/cocos2d/CCNode.m; sourceTree = "<group>"; };
		2EE18504148756AB007DD779 /* CCParallaxNode.h */ = {isa = PBXFileReference; name = CCParallaxNode.h; path = libs/cocos2d/CCParallaxNode.h; sourceTree = "<group>"; };
		2EE18505148756AB007DD779 /* CCParallaxNode.m */ = {isa = PBXFileReference; lastKnownFileType = sourcecode.c.objc; name = CCParallaxNode.m; path = libs/cocos2d/CCParallaxNode.m; sourceTree = "<group>"; };
		2EE18507148756AB007DD779 /* CCParticleExamples.h */ = {isa = PBXFileReference; name = CCParticleExamples.h; path = libs/cocos2d/CCParticleExamples.h; sourceTree = "<group>"; };
		2EE18508148756AB007DD779 /* CCParticleExamples.m */ = {isa = PBXFileReference; lastKnownFileType = sourcecode.c.objc; name = CCParticleExamples.m; path = libs/cocos2d/CCParticleExamples.m; sourceTree = "<group>"; };
		2EE1850A148756AB007DD779 /* CCParticleSystem.h */ = {isa = PBXFileReference; name = CCParticleSystem.h; path = libs/cocos2d/CCParticleSystem.h; sourceTree = "<group>"; };
		2EE1850B148756AB007DD779 /* CCParticleSystem.m */ = {isa = PBXFileReference; lastKnownFileType = sourcecode.c.objc; name = CCParticleSystem.m; path = libs/cocos2d/CCParticleSystem.m; sourceTree = "<group>"; };
		2EE1850D148756AB007DD779 /* CCParticleSystemPoint.h */ = {isa = PBXFileReference; name = CCParticleSystemPoint.h; path = libs/cocos2d/CCParticleSystemPoint.h; sourceTree = "<group>"; };
		2EE1850E148756AB007DD779 /* CCParticleSystemPoint.m */ = {isa = PBXFileReference; lastKnownFileType = sourcecode.c.objc; name = CCParticleSystemPoint.m; path = libs/cocos2d/CCParticleSystemPoint.m; sourceTree = "<group>"; };
		2EE18510148756AB007DD779 /* CCParticleSystemQuad.h */ = {isa = PBXFileReference; name = CCParticleSystemQuad.h; path = libs/cocos2d/CCParticleSystemQuad.h; sourceTree = "<group>"; };
		2EE18511148756AB007DD779 /* CCParticleSystemQuad.m */ = {isa = PBXFileReference; lastKnownFileType = sourcecode.c.objc; name = CCParticleSystemQuad.m; path = libs/cocos2d/CCParticleSystemQuad.m; sourceTree = "<group>"; };
		2EE18513148756AB007DD779 /* CCProgressTimer.h */ = {isa = PBXFileReference; name = CCProgressTimer.h; path = libs/cocos2d/CCProgressTimer.h; sourceTree = "<group>"; };
		2EE18514148756AB007DD779 /* CCProgressTimer.m */ = {isa = PBXFileReference; lastKnownFileType = sourcecode.c.objc; name = CCProgressTimer.m; path = libs/cocos2d/CCProgressTimer.m; sourceTree = "<group>"; };
		2EE18516148756AB007DD779 /* CCProtocols.h */ = {isa = PBXFileReference; name = CCProtocols.h; path = libs/cocos2d/CCProtocols.h; sourceTree = "<group>"; };
		2EE18517148756AB007DD779 /* CCRenderTexture.h */ = {isa = PBXFileReference; name = CCRenderTexture.h; path = libs/cocos2d/CCRenderTexture.h; sourceTree = "<group>"; };
		2EE18518148756AB007DD779 /* CCRenderTexture.m */ = {isa = PBXFileReference; lastKnownFileType = sourcecode.c.objc; name = CCRenderTexture.m; path = libs/cocos2d/CCRenderTexture.m; sourceTree = "<group>"; };
		2EE1851A148756AB007DD779 /* CCRibbon.h */ = {isa = PBXFileReference; name = CCRibbon.h; path = libs/cocos2d/CCRibbon.h; sourceTree = "<group>"; };
		2EE1851B148756AB007DD779 /* CCRibbon.m */ = {isa = PBXFileReference; lastKnownFileType = sourcecode.c.objc; name = CCRibbon.m; path = libs/cocos2d/CCRibbon.m; sourceTree = "<group>"; };
		2EE1851D148756AB007DD779 /* CCScene.h */ = {isa = PBXFileReference; name = CCScene.h; path = libs/cocos2d/CCScene.h; sourceTree = "<group>"; };
		2EE1851E148756AB007DD779 /* CCScene.m */ = {isa = PBXFileReference; lastKnownFileType = sourcecode.c.objc; name = CCScene.m; path = libs/cocos2d/CCScene.m; sourceTree = "<group>"; };
		2EE18520148756AB007DD779 /* CCScheduler.h */ = {isa = PBXFileReference; name = CCScheduler.h; path = libs/cocos2d/CCScheduler.h; sourceTree = "<group>"; };
		2EE18521148756AB007DD779 /* CCScheduler.m */ = {isa = PBXFileReference; lastKnownFileType = sourcecode.c.objc; name = CCScheduler.m; path = libs/cocos2d/CCScheduler.m; sourceTree = "<group>"; };
		2EE18523148756AB007DD779 /* CCSprite.h */ = {isa = PBXFileReference; name = CCSprite.h; path = libs/cocos2d/CCSprite.h; sourceTree = "<group>"; };
		2EE18524148756AB007DD779 /* CCSprite.m */ = {isa = PBXFileReference; lastKnownFileType = sourcecode.c.objc; name = CCSprite.m; path = libs/cocos2d/CCSprite.m; sourceTree = "<group>"; };
		2EE18526148756AB007DD779 /* CCSpriteBatchNode.h */ = {isa = PBXFileReference; name = CCSpriteBatchNode.h; path = libs/cocos2d/CCSpriteBatchNode.h; sourceTree = "<group>"; };
		2EE18527148756AB007DD779 /* CCSpriteBatchNode.m */ = {isa = PBXFileReference; lastKnownFileType = sourcecode.c.objc; name = CCSpriteBatchNode.m; path = libs/cocos2d/CCSpriteBatchNode.m; sourceTree = "<group>"; };
		2EE18529148756AB007DD779 /* CCSpriteFrame.h */ = {isa = PBXFileReference; name = CCSpriteFrame.h; path = libs/cocos2d/CCSpriteFrame.h; sourceTree = "<group>"; };
		2EE1852A148756AB007DD779 /* CCSpriteFrame.m */ = {isa = PBXFileReference; lastKnownFileType = sourcecode.c.objc; name = CCSpriteFrame.m; path = libs/cocos2d/CCSpriteFrame.m; sourceTree = "<group>"; };
		2EE1852C148756AB007DD779 /* CCSpriteFrameCache.h */ = {isa = PBXFileReference; name = CCSpriteFrameCache.h; path = libs/cocos2d/CCSpriteFrameCache.h; sourceTree = "<group>"; };
		2EE1852D148756AB007DD779 /* CCSpriteFrameCache.m */ = {isa = PBXFileReference; lastKnownFileType = sourcecode.c.objc; name = CCSpriteFrameCache.m; path = libs/cocos2d/CCSpriteFrameCache.m; sourceTree = "<group>"; };
		2EE1852F148756AB007DD779 /* CCTexture2D.h */ = {isa = PBXFileReference; name = CCTexture2D.h; path = libs/cocos2d/CCTexture2D.h; sourceTree = "<group>"; };
		2EE18530148756AB007DD779 /* CCTexture2D.m */ = {isa = PBXFileReference; lastKnownFileType = sourcecode.c.objc; name = CCTexture2D.m; path = libs/cocos2d/CCTexture2D.m; sourceTree = "<group>"; };
		2EE18532148756AB007DD779 /* CCTextureAtlas.h */ = {isa = PBXFileReference; name = CCTextureAtlas.h; path = libs/cocos2d/CCTextureAtlas.h; sourceTree = "<group>"; };
		2EE18533148756AB007DD779 /* CCTextureAtlas.m */ = {isa = PBXFileReference; lastKnownFileType = sourcecode.c.objc; name = CCTextureAtlas.m; path = libs/cocos2d/CCTextureAtlas.m; sourceTree = "<group>"; };
		2EE18535148756AB007DD779 /* CCTextureCache.h */ = {isa = PBXFileReference; name = CCTextureCache.h; path = libs/cocos2d/CCTextureCache.h; sourceTree = "<group>"; };
		2EE18536148756AB007DD779 /* CCTextureCache.m */ = {isa = PBXFileReference; lastKnownFileType = sourcecode.c.objc; name = CCTextureCache.m; path = libs/cocos2d/CCTextureCache.m; sourceTree = "<group>"; };
		2EE18538148756AB007DD779 /* CCTexturePVR.h */ = {isa = PBXFileReference; name = CCTexturePVR.h; path = libs/cocos2d/CCTexturePVR.h; sourceTree = "<group>"; };
		2EE18539148756AB007DD779 /* CCTexturePVR.m */ = {isa = PBXFileReference; lastKnownFileType = sourcecode.c.objc; name = CCTexturePVR.m; path = libs/cocos2d/CCTexturePVR.m; sourceTree = "<group>"; };
		2EE1853B148756AB007DD779 /* CCTileMapAtlas.h */ = {isa = PBXFileReference; name = CCTileMapAtlas.h; path = libs/cocos2d/CCTileMapAtlas.h; sourceTree = "<group>"; };
		2EE1853C148756AB007DD779 /* CCTileMapAtlas.m */ = {isa = PBXFileReference; lastKnownFileType = sourcecode.c.objc; name = CCTileMapAtlas.m; path = libs/cocos2d/CCTileMapAtlas.m; sourceTree = "<group>"; };
		2EE1853E148756AB007DD779 /* CCTMXLayer.h */ = {isa = PBXFileReference; name = CCTMXLayer.h; path = libs/cocos2d/CCTMXLayer.h; sourceTree = "<group>"; };
		2EE1853F148756AB007DD779 /* CCTMXLayer.m */ = {isa = PBXFileReference; lastKnownFileType = sourcecode.c.objc; name = CCTMXLayer.m; path = libs/cocos2d/CCTMXLayer.m; sourceTree = "<group>"; };
		2EE18541148756AB007DD779 /* CCTMXObjectGroup.h */ = {isa = PBXFileReference; name = CCTMXObjectGroup.h; path = libs/cocos2d/CCTMXObjectGroup.h; sourceTree = "<group>"; };
		2EE18542148756AB007DD779 /* CCTMXObjectGroup.m */ = {isa = PBXFileReference; lastKnownFileType = sourcecode.c.objc; name = CCTMXObjectGroup.m; path = libs/cocos2d/CCTMXObjectGroup.m; sourceTree = "<group>"; };
		2EE18544148756AB007DD779 /* CCTMXTiledMap.h */ = {isa = PBXFileReference; name = CCTMXTiledMap.h; path = libs/cocos2d/CCTMXTiledMap.h; sourceTree = "<group>"; };
		2EE18545148756AB007DD779 /* CCTMXTiledMap.m */ = {isa = PBXFileReference; lastKnownFileType = sourcecode.c.objc; name = CCTMXTiledMap.m; path = libs/cocos2d/CCTMXTiledMap.m; sourceTree = "<group>"; };
		2EE18547148756AB007DD779 /* CCTMXXMLParser.h */ = {isa = PBXFileReference; name = CCTMXXMLParser.h; path = libs/cocos2d/CCTMXXMLParser.h; sourceTree = "<group>"; };
		2EE18548148756AB007DD779 /* CCTMXXMLParser.m */ = {isa = PBXFileReference; lastKnownFileType = sourcecode.c.objc; name = CCTMXXMLParser.m; path = libs/cocos2d/CCTMXXMLParser.m; sourceTree = "<group>"; };
		2EE1854A148756AB007DD779 /* CCTransition.h */ = {isa = PBXFileReference; name = CCTransition.h; path = libs/cocos2d/CCTransition.h; sourceTree = "<group>"; };
		2EE1854B148756AB007DD779 /* CCTransition.m */ = {isa = PBXFileReference; lastKnownFileType = sourcecode.c.objc; name = CCTransition.m; path = libs/cocos2d/CCTransition.m; sourceTree = "<group>"; };
		2EE1854D148756AB007DD779 /* CCTransitionPageTurn.h */ = {isa = PBXFileReference; name = CCTransitionPageTurn.h; path = libs/cocos2d/CCTransitionPageTurn.h; sourceTree = "<group>"; };
		2EE1854E148756AB007DD779 /* CCTransitionPageTurn.m */ = {isa = PBXFileReference; lastKnownFileType = sourcecode.c.objc; name = CCTransitionPageTurn.m; path = libs/cocos2d/CCTransitionPageTurn.m; sourceTree = "<group>"; };
		2EE18550148756AB007DD779 /* CCTransitionRadial.h */ = {isa = PBXFileReference; name = CCTransitionRadial.h; path = libs/cocos2d/CCTransitionRadial.h; sourceTree = "<group>"; };
		2EE18551148756AB007DD779 /* CCTransitionRadial.m */ = {isa = PBXFileReference; lastKnownFileType = sourcecode.c.objc; name = CCTransitionRadial.m; path = libs/cocos2d/CCTransitionRadial.m; sourceTree = "<group>"; };
		2EE18553148756AB007DD779 /* ccTypes.h */ = {isa = PBXFileReference; name = ccTypes.h; path = libs/cocos2d/ccTypes.h; sourceTree = "<group>"; };
		2EE18554148756AB007DD779 /* cocos2d.h */ = {isa = PBXFileReference; name = cocos2d.h; path = libs/cocos2d/cocos2d.h; sourceTree = "<group>"; };
		2EE18555148756AB007DD779 /* cocos2d.m */ = {isa = PBXFileReference; lastKnownFileType = sourcecode.c.objc; name = cocos2d.m; path = libs/cocos2d/cocos2d.m; sourceTree = "<group>"; };
		2EE18558148756AB007DD779 /* CCGL.h */ = {isa = PBXFileReference; name = CCGL.h; path = libs/cocos2d/Platforms/CCGL.h; sourceTree = "<group>"; };
		2EE18559148756AB007DD779 /* CCNS.h */ = {isa = PBXFileReference; name = CCNS.h; path = libs/cocos2d/Platforms/CCNS.h; sourceTree = "<group>"; };
		2EE1855B148756AB007DD779 /* CCDirectorIOS.h */ = {isa = PBXFileReference; name = CCDirectorIOS.h; path = libs/cocos2d/Platforms/iOS/CCDirectorIOS.h; sourceTree = "<group>"; };
		2EE1855C148756AB007DD779 /* CCDirectorIOS.m */ = {isa = PBXFileReference; lastKnownFileType = sourcecode.c.objc; name = CCDirectorIOS.m; path = libs/cocos2d/Platforms/iOS/CCDirectorIOS.m; sourceTree = "<group>"; };
		2EE1855E148756AB007DD779 /* CCTouchDelegateProtocol.h */ = {isa = PBXFileReference; name = CCTouchDelegateProtocol.h; path = libs/cocos2d/Platforms/iOS/CCTouchDelegateProtocol.h; sourceTree = "<group>"; };
		2EE1855F148756AB007DD779 /* CCTouchDispatcher.h */ = {isa = PBXFileReference; name = CCTouchDispatcher.h; path = libs/cocos2d/Platforms/iOS/CCTouchDispatcher.h; sourceTree = "<group>"; };
		2EE18560148756AB007DD779 /* CCTouchDispatcher.m */ = {isa = PBXFileReference; lastKnownFileType = sourcecode.c.objc; name = CCTouchDispatcher.m; path = libs/cocos2d/Platforms/iOS/CCTouchDispatcher.m; sourceTree = "<group>"; };
		2EE18562148756AB007DD779 /* CCTouchHandler.h */ = {isa = PBXFileReference; name = CCTouchHandler.h; path = libs/cocos2d/Platforms/iOS/CCTouchHandler.h; sourceTree = "<group>"; };
		2EE18563148756AB007DD779 /* CCTouchHandler.m */ = {isa = PBXFileReference; lastKnownFileType = sourcecode.c.objc; name = CCTouchHandler.m; path = libs/cocos2d/Platforms/iOS/CCTouchHandler.m; sourceTree = "<group>"; };
		2EE18565148756AB007DD779 /* EAGLView.h */ = {isa = PBXFileReference; name = EAGLView.h; path = libs/cocos2d/Platforms/iOS/EAGLView.h; sourceTree = "<group>"; };
		2EE18566148756AC007DD779 /* EAGLView.m */ = {isa = PBXFileReference; lastKnownFileType = sourcecode.c.objc; name = EAGLView.m; path = libs/cocos2d/Platforms/iOS/EAGLView.m; sourceTree = "<group>"; };
		2EE18568148756AC007DD779 /* ES1Renderer.h */ = {isa = PBXFileReference; name = ES1Renderer.h; path = libs/cocos2d/Platforms/iOS/ES1Renderer.h; sourceTree = "<group>"; };
		2EE18569148756AC007DD779 /* ES1Renderer.m */ = {isa = PBXFileReference; lastKnownFileType = sourcecode.c.objc; name = ES1Renderer.m; path = libs/cocos2d/Platforms/iOS/ES1Renderer.m; sourceTree = "<group>"; };
		2EE1856B148756AC007DD779 /* ESRenderer.h */ = {isa = PBXFileReference; name = ESRenderer.h; path = libs/cocos2d/Platforms/iOS/ESRenderer.h; sourceTree = "<group>"; };
		2EE1856C148756AC007DD779 /* glu.c */ = {isa = PBXFileReference; lastKnownFileType = sourcecode.c.c; name = glu.c; path = libs/cocos2d/Platforms/iOS/glu.c; sourceTree = "<group>"; };
		2EE1856E148756AC007DD779 /* glu.h */ = {isa = PBXFileReference; name = glu.h; path = libs/cocos2d/Platforms/iOS/glu.h; sourceTree = "<group>"; };
		2EE18570148756AC007DD779 /* CCDirectorMac.h */ = {isa = PBXFileReference; name = CCDirectorMac.h; path = libs/cocos2d/Platforms/Mac/CCDirectorMac.h; sourceTree = "<group>"; };
		2EE18571148756AC007DD779 /* CCDirectorMac.m */ = {isa = PBXFileReference; lastKnownFileType = sourcecode.c.objc; name = CCDirectorMac.m; path = libs/cocos2d/Platforms/Mac/CCDirectorMac.m; sourceTree = "<group>"; };
		2EE18573148756AC007DD779 /* CCEventDispatcher.h */ = {isa = PBXFileReference; name = CCEventDispatcher.h; path = libs/cocos2d/Platforms/Mac/CCEventDispatcher.h; sourceTree = "<group>"; };
		2EE18574148756AC007DD779 /* CCEventDispatcher.m */ = {isa = PBXFileReference; lastKnownFileType = sourcecode.c.objc; name = CCEventDispatcher.m; path = libs/cocos2d/Platforms/Mac/CCEventDispatcher.m; sourceTree = "<group>"; };
		2EE18576148756AC007DD779 /* MacGLView.h */ = {isa = PBXFileReference; name = MacGLView.h; path = libs/cocos2d/Platforms/Mac/MacGLView.h; sourceTree = "<group>"; };
		2EE18577148756AC007DD779 /* MacGLView.m */ = {isa = PBXFileReference; lastKnownFileType = sourcecode.c.objc; name = MacGLView.m; path = libs/cocos2d/Platforms/Mac/MacGLView.m; sourceTree = "<group>"; };
		2EE18579148756AC007DD779 /* MacWindow.h */ = {isa = PBXFileReference; name = MacWindow.h; path = libs/cocos2d/Platforms/Mac/MacWindow.h; sourceTree = "<group>"; };
		2EE1857A148756AC007DD779 /* MacWindow.m */ = {isa = PBXFileReference; lastKnownFileType = sourcecode.c.objc; name = MacWindow.m; path = libs/cocos2d/Platforms/Mac/MacWindow.m; sourceTree = "<group>"; };
		2EE1857D148756AC007DD779 /* base64.c */ = {isa = PBXFileReference; lastKnownFileType = sourcecode.c.c; name = base64.c; path = libs/cocos2d/Support/base64.c; sourceTree = "<group>"; };
		2EE1857F148756AC007DD779 /* base64.h */ = {isa = PBXFileReference; name = base64.h; path = libs/cocos2d/Support/base64.h; sourceTree = "<group>"; };
		2EE18580148756AC007DD779 /* CCArray.h */ = {isa = PBXFileReference; name = CCArray.h; path = libs/cocos2d/Support/CCArray.h; sourceTree = "<group>"; };
		2EE18581148756AC007DD779 /* CCArray.m */ = {isa = PBXFileReference; lastKnownFileType = sourcecode.c.objc; name = CCArray.m; path = libs/cocos2d/Support/CCArray.m; sourceTree = "<group>"; };
		2EE18583148756AC007DD779 /* ccCArray.h */ = {isa = PBXFileReference; name = ccCArray.h; path = libs/cocos2d/Support/ccCArray.h; sourceTree = "<group>"; };
		2EE18584148756AC007DD779 /* CCFileUtils.h */ = {isa = PBXFileReference; name = CCFileUtils.h; path = libs/cocos2d/Support/CCFileUtils.h; sourceTree = "<group>"; };
		2EE18585148756AC007DD779 /* CCFileUtils.m */ = {isa = PBXFileReference; lastKnownFileType = sourcecode.c.objc; name = CCFileUtils.m; path = libs/cocos2d/Support/CCFileUtils.m; sourceTree = "<group>"; };
		2EE18587148756AC007DD779 /* CCProfiling.h */ = {isa = PBXFileReference; name = CCProfiling.h; path = libs/cocos2d/Support/CCProfiling.h; sourceTree = "<group>"; };
		2EE18588148756AC007DD779 /* CCProfiling.m */ = {isa = PBXFileReference; lastKnownFileType = sourcecode.c.objc; name = CCProfiling.m; path = libs/cocos2d/Support/CCProfiling.m; sourceTree = "<group>"; };
		2EE1858A148756AC007DD779 /* ccUtils.c */ = {isa = PBXFileReference; lastKnownFileType = sourcecode.c.c; name = ccUtils.c; path = libs/cocos2d/Support/ccUtils.c; sourceTree = "<group>"; };
		2EE1858C148756AC007DD779 /* ccUtils.h */ = {isa = PBXFileReference; name = ccUtils.h; path = libs/cocos2d/Support/ccUtils.h; sourceTree = "<group>"; };
		2EE1858D148756AC007DD779 /* CGPointExtension.h */ = {isa = PBXFileReference; name = CGPointExtension.h; path = libs/cocos2d/Support/CGPointExtension.h; sourceTree = "<group>"; };
		2EE1858E148756AC007DD779 /* CGPointExtension.m */ = {isa = PBXFileReference; lastKnownFileType = sourcecode.c.objc; name = CGPointExtension.m; path = libs/cocos2d/Support/CGPointExtension.m; sourceTree = "<group>"; };
		2EE18590148756AC007DD779 /* OpenGL_Internal.h */ = {isa = PBXFileReference; name = OpenGL_Internal.h; path = libs/cocos2d/Support/OpenGL_Internal.h; sourceTree = "<group>"; };
		2EE18591148756AC007DD779 /* TGAlib.h */ = {isa = PBXFileReference; name = TGAlib.h; path = libs/cocos2d/Support/TGAlib.h; sourceTree = "<group>"; };
		2EE18592148756AC007DD779 /* TGAlib.m */ = {isa = PBXFileReference; lastKnownFileType = sourcecode.c.objc; name = TGAlib.m; path = libs/cocos2d/Support/TGAlib.m; sourceTree = "<group>"; };
		2EE18594148756AC007DD779 /* TransformUtils.h */ = {isa = PBXFileReference; name = TransformUtils.h; path = libs/cocos2d/Support/TransformUtils.h; sourceTree = "<group>"; };
		2EE18595148756AC007DD779 /* TransformUtils.m */ = {isa = PBXFileReference; lastKnownFileType = sourcecode.c.objc; name = TransformUtils.m; path = libs/cocos2d/Support/TransformUtils.m; sourceTree = "<group>"; };
		2EE18597148756AC007DD779 /* uthash.h */ = {isa = PBXFileReference; name = uthash.h; path = libs/cocos2d/Support/uthash.h; sourceTree = "<group>"; };
		2EE18598148756AC007DD779 /* utlist.h */ = {isa = PBXFileReference; name = utlist.h; path = libs/cocos2d/Support/utlist.h; sourceTree = "<group>"; };
		2EE18599148756AC007DD779 /* ZipUtils.h */ = {isa = PBXFileReference; name = ZipUtils.h; path = libs/cocos2d/Support/ZipUtils.h; sourceTree = "<group>"; };
		2EE1859A148756AC007DD779 /* ZipUtils.m */ = {isa = PBXFileReference; lastKnownFileType = sourcecode.c.objc; name = ZipUtils.m; path = libs/cocos2d/Support/ZipUtils.m; sourceTree = "<group>"; };
		2EE1859C148756AC007DD779 /* LICENSE_cocos2d.txt */ = {isa = PBXFileReference; name = LICENSE_cocos2d.txt; path = libs/LICENSE_cocos2d.txt; sourceTree = "<group>"; };
		2EE1859E148756AC007DD779 /* CDAudioManager.h */ = {isa = PBXFileReference; name = CDAudioManager.h; path = libs/CocosDenshion/CDAudioManager.h; sourceTree = "<group>"; };
		2EE1859F148756AC007DD779 /* CDAudioManager.m */ = {isa = PBXFileReference; lastKnownFileType = sourcecode.c.objc; name = CDAudioManager.m; path = libs/CocosDenshion/CDAudioManager.m; sourceTree = "<group>"; };
		2EE185A1148756AC007DD779 /* CDConfig.h */ = {isa = PBXFileReference; name = CDConfig.h; path = libs/CocosDenshion/CDConfig.h; sourceTree = "<group>"; };
		2EE185A2148756AC007DD779 /* CDOpenALSupport.h */ = {isa = PBXFileReference; name = CDOpenALSupport.h; path = libs/CocosDenshion/CDOpenALSupport.h; sourceTree = "<group>"; };
		2EE185A3148756AC007DD779 /* CDOpenALSupport.m */ = {isa = PBXFileReference; lastKnownFileType = sourcecode.c.objc; name = CDOpenALSupport.m; path = libs/CocosDenshion/CDOpenALSupport.m; sourceTree = "<group>"; };
		2EE185A5148756AC007DD779 /* CocosDenshion.h */ = {isa = PBXFileReference; name = CocosDenshion.h; path = libs/CocosDenshion/CocosDenshion.h; sourceTree = "<group>"; };
		2EE185A6148756AC007DD779 /* CocosDenshion.m */ = {isa = PBXFileReference; lastKnownFileType = sourcecode.c.objc; name = CocosDenshion.m; path = libs/CocosDenshion/CocosDenshion.m; sourceTree = "<group>"; };
		2EE185A8148756AC007DD779 /* SimpleAudioEngine.h */ = {isa = PBXFileReference; name = SimpleAudioEngine.h; path = libs/CocosDenshion/SimpleAudioEngine.h; sourceTree = "<group>"; };
		2EE185A9148756AC007DD779 /* SimpleAudioEngine.m */ = {isa = PBXFileReference; lastKnownFileType = sourcecode.c.objc; name = SimpleAudioEngine.m; path = libs/CocosDenshion/SimpleAudioEngine.m; sourceTree = "<group>"; };
		2EE185AB148756AC007DD779 /* LICENSE_CocosDenshion.txt */ = {isa = PBXFileReference; name = LICENSE_CocosDenshion.txt; path = libs/LICENSE_CocosDenshion.txt; sourceTree = "<group>"; };
		2EE185AD148756AC007DD779 /* CLScoreServerPost.h */ = {isa = PBXFileReference; name = CLScoreServerPost.h; path = libs/cocoslive/CLScoreServerPost.h; sourceTree = "<group>"; };
		2EE185AE148756AC007DD779 /* CLScoreServerPost.m */ = {isa = PBXFileReference; lastKnownFileType = sourcecode.c.objc; name = CLScoreServerPost.m; path = libs/cocoslive/CLScoreServerPost.m; sourceTree = "<group>"; };
		2EE185B0148756AC007DD779 /* CLScoreServerRequest.h */ = {isa = PBXFileReference; name = CLScoreServerRequest.h; path = libs/cocoslive/CLScoreServerRequest.h; sourceTree = "<group>"; };
		2EE185B1148756AC007DD779 /* CLScoreServerRequest.m */ = {isa = PBXFileReference; lastKnownFileType = sourcecode.c.objc; name = CLScoreServerRequest.m; path = libs/cocoslive/CLScoreServerRequest.m; sourceTree = "<group>"; };
		2EE185B3148756AC007DD779 /* cocoslive.h */ = {isa = PBXFileReference; name = cocoslive.h; path = libs/cocoslive/cocoslive.h; sourceTree = "<group>"; };
		2EE185B4148756AC007DD779 /* cocoslive.m */ = {isa = PBXFileReference; lastKnownFileType = sourcecode.c.objc; name = cocoslive.m; path = libs/cocoslive/cocoslive.m; sourceTree = "<group>"; };
		2EE185B6148756AC007DD779 /* LICENSE_TouchJSON.txt */ = {isa = PBXFileReference; name = LICENSE_TouchJSON.txt; path = libs/LICENSE_TouchJSON.txt; sourceTree = "<group>"; };
		2EE185B8148756AC007DD779 /* CDataScanner.h */ = {isa = PBXFileReference; name = CDataScanner.h; path = libs/TouchJSON/CDataScanner.h; sourceTree = "<group>"; };
		2EE185B9148756AC007DD779 /* CDataScanner.m */ = {isa = PBXFileReference; lastKnownFileType = sourcecode.c.objc; name = CDataScanner.m; path = libs/TouchJSON/CDataScanner.m; sourceTree = "<group>"; };
		2EE185BC148756AC007DD779 /* CDataScanner_Extensions.h */ = {isa = PBXFileReference; name = CDataScanner_Extensions.h; path = libs/TouchJSON/Extensions/CDataScanner_Extensions.h; sourceTree = "<group>"; };
		2EE185BD148756AC007DD779 /* CDataScanner_Extensions.m */ = {isa = PBXFileReference; lastKnownFileType = sourcecode.c.objc; name = CDataScanner_Extensions.m; path = libs/TouchJSON/Extensions/CDataScanner_Extensions.m; sourceTree = "<group>"; };
		2EE185BF148756AC007DD779 /* NSDictionary_JSONExtensions.h */ = {isa = PBXFileReference; name = NSDictionary_JSONExtensions.h; path = libs/TouchJSON/Extensions/NSDictionary_JSONExtensions.h; sourceTree = "<group>"; };
		2EE185C0148756AC007DD779 /* NSDictionary_JSONExtensions.m */ = {isa = PBXFileReference; lastKnownFileType = sourcecode.c.objc; name = NSDictionary_JSONExtensions.m; path = libs/TouchJSON/Extensions/NSDictionary_JSONExtensions.m; sourceTree = "<group>"; };
		2EE185C3148756AC007DD779 /* CJSONDeserializer.h */ = {isa = PBXFileReference; name = CJSONDeserializer.h; path = libs/TouchJSON/JSON/CJSONDeserializer.h; sourceTree = "<group>"; };
		2EE185C4148756AC007DD779 /* CJSONDeserializer.m */ = {isa = PBXFileReference; lastKnownFileType = sourcecode.c.objc; name = CJSONDeserializer.m; path = libs/TouchJSON/JSON/CJSONDeserializer.m; sourceTree = "<group>"; };
		2EE185C6148756AC007DD779 /* CJSONScanner.h */ = {isa = PBXFileReference; name = CJSONScanner.h; path = libs/TouchJSON/JSON/CJSONScanner.h; sourceTree = "<group>"; };
		2EE185C7148756AC007DD779 /* CJSONScanner.m */ = {isa = PBXFileReference; lastKnownFileType = sourcecode.c.objc; name = CJSONScanner.m; path = libs/TouchJSON/JSON/CJSONScanner.m; sourceTree = "<group>"; };
		2EE185C9148756AC007DD779 /* CJSONSerializer.h */ = {isa = PBXFileReference; name = CJSONSerializer.h; path = libs/TouchJSON/JSON/CJSONSerializer.h; sourceTree = "<group>"; };
		2EE185CA148756AC007DD779 /* CJSONSerializer.m */ = {isa = PBXFileReference; lastKnownFileType = sourcecode.c.objc; name = CJSONSerializer.m; path = libs/TouchJSON/JSON/CJSONSerializer.m; sourceTree = "<group>"; };
		2EE185CC148756AC007DD779 /* JSONRepresentation.h */ = {isa = PBXFileReference; name = JSONRepresentation.h; path = libs/TouchJSON/JSON/JSONRepresentation.h; sourceTree = "<group>"; };
		2EE185CE148756AC007DD779 /* FontLabel.h */ = {isa = PBXFileReference; name = FontLabel.h; path = libs/FontLabel/FontLabel.h; sourceTree = "<group>"; };
		2EE185CF148756AC007DD779 /* FontLabel.m */ = {isa = PBXFileReference; lastKnownFileType = sourcecode.c.objc; name = FontLabel.m; path = libs/FontLabel/FontLabel.m; sourceTree = "<group>"; };
		2EE185D1148756AC007DD779 /* FontLabelStringDrawing.h */ = {isa = PBXFileReference; name = FontLabelStringDrawing.h; path = libs/FontLabel/FontLabelStringDrawing.h; sourceTree = "<group>"; };
		2EE185D2148756AC007DD779 /* FontLabelStringDrawing.m */ = {isa = PBXFileReference; lastKnownFileType = sourcecode.c.objc; name = FontLabelStringDrawing.m; path = libs/FontLabel/FontLabelStringDrawing.m; sourceTree = "<group>"; };
		2EE185D4148756AC007DD779 /* FontManager.h */ = {isa = PBXFileReference; name = FontManager.h; path = libs/FontLabel/FontManager.h; sourceTree = "<group>"; };
		2EE185D5148756AC007DD779 /* FontManager.m */ = {isa = PBXFileReference; lastKnownFileType = sourcecode.c.objc; name = FontManager.m; path = libs/FontLabel/FontManager.m; sourceTree = "<group>"; };
		2EE185D7148756AC007DD779 /* ZAttributedString.h */ = {isa = PBXFileReference; name = ZAttributedString.h; path = libs/FontLabel/ZAttributedString.h; sourceTree = "<group>"; };
		2EE185D8148756AC007DD779 /* ZAttributedString.m */ = {isa = PBXFileReference; lastKnownFileType = sourcecode.c.objc; name = ZAttributedString.m; path = libs/FontLabel/ZAttributedString.m; sourceTree = "<group>"; };
		2EE185DA148756AC007DD779 /* ZAttributedStringPrivate.h */ = {isa = PBXFileReference; name = ZAttributedStringPrivate.h; path = libs/FontLabel/ZAttributedStringPrivate.h; sourceTree = "<group>"; };
		2EE185DB148756AC007DD779 /* ZFont.h */ = {isa = PBXFileReference; name = ZFont.h; path = libs/FontLabel/ZFont.h; sourceTree = "<group>"; };
		2EE185DC148756AC007DD779 /* ZFont.m */ = {isa = PBXFileReference; lastKnownFileType = sourcecode.c.objc; name = ZFont.m; path = libs/FontLabel/ZFont.m; sourceTree = "<group>"; };
		2EE185DE148756AC007DD779 /* LICENSE_FontLabel.txt */ = {isa = PBXFileReference; name = LICENSE_FontLabel.txt; path = libs/LICENSE_FontLabel.txt; sourceTree = "<group>"; };
		2EE185E0148756AC007DD779 /* Prefix.pch */ = {isa = PBXFileReference; path = Prefix.pch; sourceTree = "<group>"; };
		2EE185E1148756AC007DD779 /* main.m */ = {isa = PBXFileReference; lastKnownFileType = sourcecode.c.objc; path = main.m; sourceTree = "<group>"; };
		2EE185E3148756AC007DD779 /* AppDelegate.h */ = {isa = PBXFileReference; path = AppDelegate.h; sourceTree = "<group>"; };
		2EE185E4148756AC007DD779 /* AppDelegate.m */ = {isa = PBXFileReference; lastKnownFileType = sourcecode.c.objc; path = AppDelegate.m; sourceTree = "<group>"; };
		2EE185E6148756AC007DD779 /* RootViewController.h */ = {isa = PBXFileReference; path = RootViewController.h; sourceTree = "<group>"; };
		2EE185E7148756AC007DD779 /* RootViewController.m */ = {isa = PBXFileReference; lastKnownFileType = sourcecode.c.objc; path = RootViewController.m; sourceTree = "<group>"; };
		2EE185E9148756AC007DD779 /* HelloWorldLayer.h */ = {isa = PBXFileReference; path = HelloWorldLayer.h; sourceTree = "<group>"; };
		2EE185EA148756AC007DD779 /* HelloWorldLayer.m */ = {isa = PBXFileReference; lastKnownFileType = sourcecode.c.objc; path = HelloWorldLayer.m; sourceTree = "<group>"; };
		2EE185EC148756AC007DD779 /* GameConfig.h */ = {isa = PBXFileReference; path = GameConfig.h; sourceTree = "<group>"; };
/* End PBXFileReference section */

/* Begin PBXFrameworksBuildPhase section */
		2EE1847A148756AA007DD779 /* Frameworks */ = {
			isa = PBXFrameworksBuildPhase;
			buildActionMask = 2147483647;
			files = (
				2EE18482148756AA007DD779 /* QuartzCore.framework in Frameworks */,
				2EE18484148756AA007DD779 /* OpenGLES.framework in Frameworks */,
				2EE18486148756AA007DD779 /* OpenAL.framework in Frameworks */,
				2EE18488148756AA007DD779 /* AudioToolbox.framework in Frameworks */,
				2EE1848A148756AA007DD779 /* AVFoundation.framework in Frameworks */,
				2EE1848C148756AA007DD779 /* UIKit.framework in Frameworks */,
				2EE1848E148756AA007DD779 /* Foundation.framework in Frameworks */,
				2EE18490148756AA007DD779 /* CoreGraphics.framework in Frameworks */,
			);
			runOnlyForDeploymentPostprocessing = 0;
		};
/* End PBXFrameworksBuildPhase section */

/* Begin PBXGroup section */
		2EE18472148756AA007DD779 = {
			isa = PBXGroup;
			children = (
				2EE18491148756AA007DD779 /* ptaci */,
				2EE18480148756AA007DD779 /* Frameworks */,
				2EE1847E148756AA007DD779 /* Products */,
			);
			sourceTree = "<group>";
		};
		2EE1847E148756AA007DD779 /* Products */ = {
			isa = PBXGroup;
			children = (
				2EE1847D148756AA007DD779 /* ptaci.app */,
			);
			name = Products;
			sourceTree = "<group>";
		};
		2EE18480148756AA007DD779 /* Frameworks */ = {
			isa = PBXGroup;
			children = (
				2EE18481148756AA007DD779 /* QuartzCore.framework */,
				2EE18483148756AA007DD779 /* OpenGLES.framework */,
				2EE18485148756AA007DD779 /* OpenAL.framework */,
				2EE18487148756AA007DD779 /* AudioToolbox.framework */,
				2EE18489148756AA007DD779 /* AVFoundation.framework */,
				2EE1848B148756AA007DD779 /* UIKit.framework */,
				2EE1848D148756AA007DD779 /* Foundation.framework */,
				2EE1848F148756AA007DD779 /* CoreGraphics.framework */,
			);
			name = Frameworks;
			sourceTree = "<group>";
		};
		2EE18491148756AA007DD779 /* ptaci */ = {
			isa = PBXGroup;
			children = (
				2EE185E3148756AC007DD779 /* AppDelegate.h */,
				2EE185E4148756AC007DD779 /* AppDelegate.m */,
				2EE185E6148756AC007DD779 /* RootViewController.h */,
				2EE185E7148756AC007DD779 /* RootViewController.m */,
				2EE185E9148756AC007DD779 /* HelloWorldLayer.h */,
				2EE185EA148756AC007DD779 /* HelloWorldLayer.m */,
				2EE185EC148756AC007DD779 /* GameConfig.h */,
				2EE18492148756AA007DD779 /* Resources */,
				2EE184A6148756AA007DD779 /* libs */,
				2EE185DF148756AC007DD779 /* Supporting Files */,
			);
			path = ptaci;
			sourceTree = "<group>";
		};
		2EE18492148756AA007DD779 /* Resources */ = {
			isa = PBXGroup;
			children = (
				2EE18493148756AA007DD779 /* Default.png */,
				2EE18495148756AA007DD779 /* fps_images.png */,
				2EE18497148756AA007DD779 /* Icon-72.png */,
				2EE18499148756AA007DD779 /* Icon-Small-50.png */,
				2EE1849B148756AA007DD779 /* Icon-Small.png */,
				2EE1849D148756AA007DD779 /* Icon-Small@2x.png */,
				2EE1849F148756AA007DD779 /* Icon.png */,
				2EE184A1148756AA007DD779 /* Icon@2x.png */,
				2EE184A3148756AA007DD779 /* Info.plist */,
				2EE184A4148756AA007DD779 /* iTunesArtwork */,
			);
			name = Resources;
			sourceTree = "<group>";
		};
		2EE184A6148756AA007DD779 /* libs */ = {
			isa = PBXGroup;
			children = (
				2EE1859C148756AC007DD779 /* LICENSE_cocos2d.txt */,
				2EE185AB148756AC007DD779 /* LICENSE_CocosDenshion.txt */,
				2EE185B6148756AC007DD779 /* LICENSE_TouchJSON.txt */,
				2EE185DE148756AC007DD779 /* LICENSE_FontLabel.txt */,
				2EE184A7148756AA007DD779 /* cocos2d */,
				2EE1859D148756AC007DD779 /* CocosDenshion */,
				2EE185AC148756AC007DD779 /* cocoslive */,
				2EE185B7148756AC007DD779 /* TouchJSON */,
				2EE185CD148756AC007DD779 /* FontLabel */,
			);
			name = libs;
			sourceTree = "<group>";
		};
		2EE184A7148756AA007DD779 /* cocos2d */ = {
			isa = PBXGroup;
			children = (
				2EE184A8148756AA007DD779 /* CCAction.h */,
				2EE184A9148756AA007DD779 /* CCAction.m */,
				2EE184AB148756AA007DD779 /* CCActionCamera.h */,
				2EE184AC148756AA007DD779 /* CCActionCamera.m */,
				2EE184AE148756AA007DD779 /* CCActionEase.h */,
				2EE184AF148756AA007DD779 /* CCActionEase.m */,
				2EE184B1148756AA007DD779 /* CCActionGrid.h */,
				2EE184B2148756AA007DD779 /* CCActionGrid.m */,
				2EE184B4148756AA007DD779 /* CCActionGrid3D.h */,
				2EE184B5148756AA007DD779 /* CCActionGrid3D.m */,
				2EE184B7148756AA007DD779 /* CCActionInstant.h */,
				2EE184B8148756AA007DD779 /* CCActionInstant.m */,
				2EE184BA148756AA007DD779 /* CCActionInterval.h */,
				2EE184BB148756AA007DD779 /* CCActionInterval.m */,
				2EE184BD148756AA007DD779 /* CCActionManager.h */,
				2EE184BE148756AA007DD779 /* CCActionManager.m */,
				2EE184C0148756AA007DD779 /* CCActionPageTurn3D.h */,
				2EE184C1148756AA007DD779 /* CCActionPageTurn3D.m */,
				2EE184C3148756AA007DD779 /* CCActionProgressTimer.h */,
				2EE184C4148756AA007DD779 /* CCActionProgressTimer.m */,
				2EE184C6148756AA007DD779 /* CCActionTiledGrid.h */,
				2EE184C7148756AA007DD779 /* CCActionTiledGrid.m */,
				2EE184C9148756AA007DD779 /* CCActionTween.h */,
				2EE184CA148756AA007DD779 /* CCActionTween.m */,
				2EE184CC148756AA007DD779 /* CCAnimation.h */,
				2EE184CD148756AA007DD779 /* CCAnimation.m */,
				2EE184CF148756AA007DD779 /* CCAnimationCache.h */,
				2EE184D0148756AA007DD779 /* CCAnimationCache.m */,
				2EE184D2148756AA007DD779 /* CCAtlasNode.h */,
				2EE184D3148756AA007DD779 /* CCAtlasNode.m */,
				2EE184D5148756AA007DD779 /* CCBlockSupport.h */,
				2EE184D6148756AA007DD779 /* CCBlockSupport.m */,
				2EE184D8148756AB007DD779 /* CCCamera.h */,
				2EE184D9148756AB007DD779 /* CCCamera.m */,
				2EE184DB148756AB007DD779 /* ccConfig.h */,
				2EE184DC148756AB007DD779 /* CCConfiguration.h */,
				2EE184DD148756AB007DD779 /* CCConfiguration.m */,
				2EE184DF148756AB007DD779 /* CCDirector.h */,
				2EE184E0148756AB007DD779 /* CCDirector.m */,
				2EE184E2148756AB007DD779 /* CCDrawingPrimitives.h */,
				2EE184E3148756AB007DD779 /* CCDrawingPrimitives.m */,
				2EE184E5148756AB007DD779 /* CCGrabber.h */,
				2EE184E6148756AB007DD779 /* CCGrabber.m */,
				2EE184E8148756AB007DD779 /* CCGrid.h */,
				2EE184E9148756AB007DD779 /* CCGrid.m */,
				2EE184EB148756AB007DD779 /* CCLabelAtlas.h */,
				2EE184EC148756AB007DD779 /* CCLabelAtlas.m */,
				2EE184EE148756AB007DD779 /* CCLabelBMFont.h */,
				2EE184EF148756AB007DD779 /* CCLabelBMFont.m */,
				2EE184F1148756AB007DD779 /* CCLabelTTF.h */,
				2EE184F2148756AB007DD779 /* CCLabelTTF.m */,
				2EE184F4148756AB007DD779 /* CCLayer.h */,
				2EE184F5148756AB007DD779 /* CCLayer.m */,
				2EE184F7148756AB007DD779 /* ccMacros.h */,
				2EE184F8148756AB007DD779 /* CCMenu.h */,
				2EE184F9148756AB007DD779 /* CCMenu.m */,
				2EE184FB148756AB007DD779 /* CCMenuItem.h */,
				2EE184FC148756AB007DD779 /* CCMenuItem.m */,
				2EE184FE148756AB007DD779 /* CCMotionStreak.h */,
				2EE184FF148756AB007DD779 /* CCMotionStreak.m */,
				2EE18501148756AB007DD779 /* CCNode.h */,
				2EE18502148756AB007DD779 /* CCNode.m */,
				2EE18504148756AB007DD779 /* CCParallaxNode.h */,
				2EE18505148756AB007DD779 /* CCParallaxNode.m */,
				2EE18507148756AB007DD779 /* CCParticleExamples.h */,
				2EE18508148756AB007DD779 /* CCParticleExamples.m */,
				2EE1850A148756AB007DD779 /* CCParticleSystem.h */,
				2EE1850B148756AB007DD779 /* CCParticleSystem.m */,
				2EE1850D148756AB007DD779 /* CCParticleSystemPoint.h */,
				2EE1850E148756AB007DD779 /* CCParticleSystemPoint.m */,
				2EE18510148756AB007DD779 /* CCParticleSystemQuad.h */,
				2EE18511148756AB007DD779 /* CCParticleSystemQuad.m */,
				2EE18513148756AB007DD779 /* CCProgressTimer.h */,
				2EE18514148756AB007DD779 /* CCProgressTimer.m */,
				2EE18516148756AB007DD779 /* CCProtocols.h */,
				2EE18517148756AB007DD779 /* CCRenderTexture.h */,
				2EE18518148756AB007DD779 /* CCRenderTexture.m */,
				2EE1851A148756AB007DD779 /* CCRibbon.h */,
				2EE1851B148756AB007DD779 /* CCRibbon.m */,
				2EE1851D148756AB007DD779 /* CCScene.h */,
				2EE1851E148756AB007DD779 /* CCScene.m */,
				2EE18520148756AB007DD779 /* CCScheduler.h */,
				2EE18521148756AB007DD779 /* CCScheduler.m */,
				2EE18523148756AB007DD779 /* CCSprite.h */,
				2EE18524148756AB007DD779 /* CCSprite.m */,
				2EE18526148756AB007DD779 /* CCSpriteBatchNode.h */,
				2EE18527148756AB007DD779 /* CCSpriteBatchNode.m */,
				2EE18529148756AB007DD779 /* CCSpriteFrame.h */,
				2EE1852A148756AB007DD779 /* CCSpriteFrame.m */,
				2EE1852C148756AB007DD779 /* CCSpriteFrameCache.h */,
				2EE1852D148756AB007DD779 /* CCSpriteFrameCache.m */,
				2EE1852F148756AB007DD779 /* CCTexture2D.h */,
				2EE18530148756AB007DD779 /* CCTexture2D.m */,
				2EE18532148756AB007DD779 /* CCTextureAtlas.h */,
				2EE18533148756AB007DD779 /* CCTextureAtlas.m */,
				2EE18535148756AB007DD779 /* CCTextureCache.h */,
				2EE18536148756AB007DD779 /* CCTextureCache.m */,
				2EE18538148756AB007DD779 /* CCTexturePVR.h */,
				2EE18539148756AB007DD779 /* CCTexturePVR.m */,
				2EE1853B148756AB007DD779 /* CCTileMapAtlas.h */,
				2EE1853C148756AB007DD779 /* CCTileMapAtlas.m */,
				2EE1853E148756AB007DD779 /* CCTMXLayer.h */,
				2EE1853F148756AB007DD779 /* CCTMXLayer.m */,
				2EE18541148756AB007DD779 /* CCTMXObjectGroup.h */,
				2EE18542148756AB007DD779 /* CCTMXObjectGroup.m */,
				2EE18544148756AB007DD779 /* CCTMXTiledMap.h */,
				2EE18545148756AB007DD779 /* CCTMXTiledMap.m */,
				2EE18547148756AB007DD779 /* CCTMXXMLParser.h */,
				2EE18548148756AB007DD779 /* CCTMXXMLParser.m */,
				2EE1854A148756AB007DD779 /* CCTransition.h */,
				2EE1854B148756AB007DD779 /* CCTransition.m */,
				2EE1854D148756AB007DD779 /* CCTransitionPageTurn.h */,
				2EE1854E148756AB007DD779 /* CCTransitionPageTurn.m */,
				2EE18550148756AB007DD779 /* CCTransitionRadial.h */,
				2EE18551148756AB007DD779 /* CCTransitionRadial.m */,
				2EE18553148756AB007DD779 /* ccTypes.h */,
				2EE18554148756AB007DD779 /* cocos2d.h */,
				2EE18555148756AB007DD779 /* cocos2d.m */,
				2EE18557148756AB007DD779 /* Platforms */,
				2EE1857C148756AC007DD779 /* Support */,
			);
			name = cocos2d;
			sourceTree = "<group>";
		};
		2EE18557148756AB007DD779 /* Platforms */ = {
			isa = PBXGroup;
			children = (
				2EE18558148756AB007DD779 /* CCGL.h */,
				2EE18559148756AB007DD779 /* CCNS.h */,
				2EE1855A148756AB007DD779 /* iOS */,
				2EE1856F148756AC007DD779 /* Mac */,
			);
			name = Platforms;
			sourceTree = "<group>";
		};
		2EE1855A148756AB007DD779 /* iOS */ = {
			isa = PBXGroup;
			children = (
				2EE1855B148756AB007DD779 /* CCDirectorIOS.h */,
				2EE1855C148756AB007DD779 /* CCDirectorIOS.m */,
				2EE1855E148756AB007DD779 /* CCTouchDelegateProtocol.h */,
				2EE1855F148756AB007DD779 /* CCTouchDispatcher.h */,
				2EE18560148756AB007DD779 /* CCTouchDispatcher.m */,
				2EE18562148756AB007DD779 /* CCTouchHandler.h */,
				2EE18563148756AB007DD779 /* CCTouchHandler.m */,
				2EE18565148756AB007DD779 /* EAGLView.h */,
				2EE18566148756AC007DD779 /* EAGLView.m */,
				2EE18568148756AC007DD779 /* ES1Renderer.h */,
				2EE18569148756AC007DD779 /* ES1Renderer.m */,
				2EE1856B148756AC007DD779 /* ESRenderer.h */,
				2EE1856C148756AC007DD779 /* glu.c */,
				2EE1856E148756AC007DD779 /* glu.h */,
			);
			name = iOS;
			sourceTree = "<group>";
		};
		2EE1856F148756AC007DD779 /* Mac */ = {
			isa = PBXGroup;
			children = (
				2EE18570148756AC007DD779 /* CCDirectorMac.h */,
				2EE18571148756AC007DD779 /* CCDirectorMac.m */,
				2EE18573148756AC007DD779 /* CCEventDispatcher.h */,
				2EE18574148756AC007DD779 /* CCEventDispatcher.m */,
				2EE18576148756AC007DD779 /* MacGLView.h */,
				2EE18577148756AC007DD779 /* MacGLView.m */,
				2EE18579148756AC007DD779 /* MacWindow.h */,
				2EE1857A148756AC007DD779 /* MacWindow.m */,
			);
			name = Mac;
			sourceTree = "<group>";
		};
		2EE1857C148756AC007DD779 /* Support */ = {
			isa = PBXGroup;
			children = (
				2EE1857D148756AC007DD779 /* base64.c */,
				2EE1857F148756AC007DD779 /* base64.h */,
				2EE18580148756AC007DD779 /* CCArray.h */,
				2EE18581148756AC007DD779 /* CCArray.m */,
				2EE18583148756AC007DD779 /* ccCArray.h */,
				2EE18584148756AC007DD779 /* CCFileUtils.h */,
				2EE18585148756AC007DD779 /* CCFileUtils.m */,
				2EE18587148756AC007DD779 /* CCProfiling.h */,
				2EE18588148756AC007DD779 /* CCProfiling.m */,
				2EE1858A148756AC007DD779 /* ccUtils.c */,
				2EE1858C148756AC007DD779 /* ccUtils.h */,
				2EE1858D148756AC007DD779 /* CGPointExtension.h */,
				2EE1858E148756AC007DD779 /* CGPointExtension.m */,
				2EE18590148756AC007DD779 /* OpenGL_Internal.h */,
				2EE18591148756AC007DD779 /* TGAlib.h */,
				2EE18592148756AC007DD779 /* TGAlib.m */,
				2EE18594148756AC007DD779 /* TransformUtils.h */,
				2EE18595148756AC007DD779 /* TransformUtils.m */,
				2EE18597148756AC007DD779 /* uthash.h */,
				2EE18598148756AC007DD779 /* utlist.h */,
				2EE18599148756AC007DD779 /* ZipUtils.h */,
				2EE1859A148756AC007DD779 /* ZipUtils.m */,
			);
			name = Support;
			sourceTree = "<group>";
		};
		2EE1859D148756AC007DD779 /* CocosDenshion */ = {
			isa = PBXGroup;
			children = (
				2EE1859E148756AC007DD779 /* CDAudioManager.h */,
				2EE1859F148756AC007DD779 /* CDAudioManager.m */,
				2EE185A1148756AC007DD779 /* CDConfig.h */,
				2EE185A2148756AC007DD779 /* CDOpenALSupport.h */,
				2EE185A3148756AC007DD779 /* CDOpenALSupport.m */,
				2EE185A5148756AC007DD779 /* CocosDenshion.h */,
				2EE185A6148756AC007DD779 /* CocosDenshion.m */,
				2EE185A8148756AC007DD779 /* SimpleAudioEngine.h */,
				2EE185A9148756AC007DD779 /* SimpleAudioEngine.m */,
			);
			name = CocosDenshion;
			sourceTree = "<group>";
		};
		2EE185AC148756AC007DD779 /* cocoslive */ = {
			isa = PBXGroup;
			children = (
				2EE185AD148756AC007DD779 /* CLScoreServerPost.h */,
				2EE185AE148756AC007DD779 /* CLScoreServerPost.m */,
				2EE185B0148756AC007DD779 /* CLScoreServerRequest.h */,
				2EE185B1148756AC007DD779 /* CLScoreServerRequest.m */,
				2EE185B3148756AC007DD779 /* cocoslive.h */,
				2EE185B4148756AC007DD779 /* cocoslive.m */,
			);
			name = cocoslive;
			sourceTree = "<group>";
		};
		2EE185B7148756AC007DD779 /* TouchJSON */ = {
			isa = PBXGroup;
			children = (
				2EE185B8148756AC007DD779 /* CDataScanner.h */,
				2EE185B9148756AC007DD779 /* CDataScanner.m */,
				2EE185BB148756AC007DD779 /* Extensions */,
				2EE185C2148756AC007DD779 /* JSON */,
			);
			name = TouchJSON;
			sourceTree = "<group>";
		};
		2EE185BB148756AC007DD779 /* Extensions */ = {
			isa = PBXGroup;
			children = (
				2EE185BC148756AC007DD779 /* CDataScanner_Extensions.h */,
				2EE185BD148756AC007DD779 /* CDataScanner_Extensions.m */,
				2EE185BF148756AC007DD779 /* NSDictionary_JSONExtensions.h */,
				2EE185C0148756AC007DD779 /* NSDictionary_JSONExtensions.m */,
			);
			name = Extensions;
			sourceTree = "<group>";
		};
		2EE185C2148756AC007DD779 /* JSON */ = {
			isa = PBXGroup;
			children = (
				2EE185C3148756AC007DD779 /* CJSONDeserializer.h */,
				2EE185C4148756AC007DD779 /* CJSONDeserializer.m */,
				2EE185C6148756AC007DD779 /* CJSONScanner.h */,
				2EE185C7148756AC007DD779 /* CJSONScanner.m */,
				2EE185C9148756AC007DD779 /* CJSONSerializer.h */,
				2EE185CA148756AC007DD779 /* CJSONSerializer.m */,
				2EE185CC148756AC007DD779 /* JSONRepresentation.h */,
			);
			name = JSON;
			sourceTree = "<group>";
		};
		2EE185CD148756AC007DD779 /* FontLabel */ = {
			isa = PBXGroup;
			children = (
				2EE185CE148756AC007DD779 /* FontLabel.h */,
				2EE185CF148756AC007DD779 /* FontLabel.m */,
				2EE185D1148756AC007DD779 /* FontLabelStringDrawing.h */,
				2EE185D2148756AC007DD779 /* FontLabelStringDrawing.m */,
				2EE185D4148756AC007DD779 /* FontManager.h */,
				2EE185D5148756AC007DD779 /* FontManager.m */,
				2EE185D7148756AC007DD779 /* ZAttributedString.h */,
				2EE185D8148756AC007DD779 /* ZAttributedString.m */,
				2EE185DA148756AC007DD779 /* ZAttributedStringPrivate.h */,
				2EE185DB148756AC007DD779 /* ZFont.h */,
				2EE185DC148756AC007DD779 /* ZFont.m */,
			);
			name = FontLabel;
			sourceTree = "<group>";
		};
		2EE185DF148756AC007DD779 /* Supporting Files */ = {
			isa = PBXGroup;
			children = (
				2EE185E0148756AC007DD779 /* Prefix.pch */,
				2EE185E1148756AC007DD779 /* main.m */,
			);
			name = "Supporting Files";
			sourceTree = "<group>";
		};
/* End PBXGroup section */

/* Begin PBXNativeTarget section */
		2EE1847C148756AA007DD779 /* ptaci */ = {
			isa = PBXNativeTarget;
			buildConfigurationList = 2EE185EF148756AC007DD779 /* Build configuration list for PBXNativeTarget "ptaci" */;
			buildPhases = (
				2EE18479148756AA007DD779 /* Sources */,
				2EE1847A148756AA007DD779 /* Frameworks */,
				2EE1847B148756AA007DD779 /* Resources */,
			);
			buildRules = (
			);
			dependencies = (
			);
			name = ptaci;
			productName = ptaci;
			productReference = 2EE1847D148756AA007DD779 /* ptaci.app */;
			productType = "com.apple.product-type.application";
		};
/* End PBXNativeTarget section */

/* Begin PBXProject section */
		2EE18474148756AA007DD779 /* Project object */ = {
			isa = PBXProject;
			attributes = {
				LastUpgradeCheck = 0420;
			};
			buildConfigurationList = 2EE18477148756AA007DD779 /* Build configuration list for PBXProject "ptaci" */;
			compatibilityVersion = "Xcode 3.2";
			developmentRegion = English;
			hasScannedForEncodings = 0;
			knownRegions = (
				en,
			);
			mainGroup = 2EE18472148756AA007DD779;
			productRefGroup = 2EE1847E148756AA007DD779 /* Products */;
			projectDirPath = "";
			projectRoot = "";
			targets = (
				2EE1847C148756AA007DD779 /* ptaci */,
			);
		};
/* End PBXProject section */

/* Begin PBXResourcesBuildPhase section */
		2EE1847B148756AA007DD779 /* Resources */ = {
			isa = PBXResourcesBuildPhase;
			buildActionMask = 2147483647;
			files = (
				2EE18494148756AA007DD779 /* Default.png in Resources */,
				2EE18496148756AA007DD779 /* fps_images.png in Resources */,
				2EE18498148756AA007DD779 /* Icon-72.png in Resources */,
				2EE1849A148756AA007DD779 /* Icon-Small-50.png in Resources */,
				2EE1849C148756AA007DD779 /* Icon-Small.png in Resources */,
				2EE1849E148756AA007DD779 /* Icon-Small@2x.png in Resources */,
				2EE184A0148756AA007DD779 /* Icon.png in Resources */,
				2EE184A2148756AA007DD779 /* Icon@2x.png in Resources */,
				2EE184A5148756AA007DD779 /* iTunesArtwork in Resources */,
			);
			runOnlyForDeploymentPostprocessing = 0;
		};
/* End PBXResourcesBuildPhase section */

/* Begin PBXSourcesBuildPhase section */
		2EE18479148756AA007DD779 /* Sources */ = {
			isa = PBXSourcesBuildPhase;
			buildActionMask = 2147483647;
			files = (
				2EE184AA148756AA007DD779 /* CCAction.m in Sources */,
				2EE184AD148756AA007DD779 /* CCActionCamera.m in Sources */,
				2EE184B0148756AA007DD779 /* CCActionEase.m in Sources */,
				2EE184B3148756AA007DD779 /* CCActionGrid.m in Sources */,
				2EE184B6148756AA007DD779 /* CCActionGrid3D.m in Sources */,
				2EE184B9148756AA007DD779 /* CCActionInstant.m in Sources */,
				2EE184BC148756AA007DD779 /* CCActionInterval.m in Sources */,
				2EE184BF148756AA007DD779 /* CCActionManager.m in Sources */,
				2EE184C2148756AA007DD779 /* CCActionPageTurn3D.m in Sources */,
				2EE184C5148756AA007DD779 /* CCActionProgressTimer.m in Sources */,
				2EE184C8148756AA007DD779 /* CCActionTiledGrid.m in Sources */,
				2EE184CB148756AA007DD779 /* CCActionTween.m in Sources */,
				2EE184CE148756AA007DD779 /* CCAnimation.m in Sources */,
				2EE184D1148756AA007DD779 /* CCAnimationCache.m in Sources */,
				2EE184D4148756AA007DD779 /* CCAtlasNode.m in Sources */,
				2EE184D7148756AA007DD779 /* CCBlockSupport.m in Sources */,
				2EE184DA148756AB007DD779 /* CCCamera.m in Sources */,
				2EE184DE148756AB007DD779 /* CCConfiguration.m in Sources */,
				2EE184E1148756AB007DD779 /* CCDirector.m in Sources */,
				2EE184E4148756AB007DD779 /* CCDrawingPrimitives.m in Sources */,
				2EE184E7148756AB007DD779 /* CCGrabber.m in Sources */,
				2EE184EA148756AB007DD779 /* CCGrid.m in Sources */,
				2EE184ED148756AB007DD779 /* CCLabelAtlas.m in Sources */,
				2EE184F0148756AB007DD779 /* CCLabelBMFont.m in Sources */,
				2EE184F3148756AB007DD779 /* CCLabelTTF.m in Sources */,
				2EE184F6148756AB007DD779 /* CCLayer.m in Sources */,
				2EE184FA148756AB007DD779 /* CCMenu.m in Sources */,
				2EE184FD148756AB007DD779 /* CCMenuItem.m in Sources */,
				2EE18500148756AB007DD779 /* CCMotionStreak.m in Sources */,
				2EE18503148756AB007DD779 /* CCNode.m in Sources */,
				2EE18506148756AB007DD779 /* CCParallaxNode.m in Sources */,
				2EE18509148756AB007DD779 /* CCParticleExamples.m in Sources */,
				2EE1850C148756AB007DD779 /* CCParticleSystem.m in Sources */,
				2EE1850F148756AB007DD779 /* CCParticleSystemPoint.m in Sources */,
				2EE18512148756AB007DD779 /* CCParticleSystemQuad.m in Sources */,
				2EE18515148756AB007DD779 /* CCProgressTimer.m in Sources */,
				2EE18519148756AB007DD779 /* CCRenderTexture.m in Sources */,
				2EE1851C148756AB007DD779 /* CCRibbon.m in Sources */,
				2EE1851F148756AB007DD779 /* CCScene.m in Sources */,
				2EE18522148756AB007DD779 /* CCScheduler.m in Sources */,
				2EE18525148756AB007DD779 /* CCSprite.m in Sources */,
				2EE18528148756AB007DD779 /* CCSpriteBatchNode.m in Sources */,
				2EE1852B148756AB007DD779 /* CCSpriteFrame.m in Sources */,
				2EE1852E148756AB007DD779 /* CCSpriteFrameCache.m in Sources */,
				2EE18531148756AB007DD779 /* CCTexture2D.m in Sources */,
				2EE18534148756AB007DD779 /* CCTextureAtlas.m in Sources */,
				2EE18537148756AB007DD779 /* CCTextureCache.m in Sources */,
				2EE1853A148756AB007DD779 /* CCTexturePVR.m in Sources */,
				2EE1853D148756AB007DD779 /* CCTileMapAtlas.m in Sources */,
				2EE18540148756AB007DD779 /* CCTMXLayer.m in Sources */,
				2EE18543148756AB007DD779 /* CCTMXObjectGroup.m in Sources */,
				2EE18546148756AB007DD779 /* CCTMXTiledMap.m in Sources */,
				2EE18549148756AB007DD779 /* CCTMXXMLParser.m in Sources */,
				2EE1854C148756AB007DD779 /* CCTransition.m in Sources */,
				2EE1854F148756AB007DD779 /* CCTransitionPageTurn.m in Sources */,
				2EE18552148756AB007DD779 /* CCTransitionRadial.m in Sources */,
				2EE18556148756AB007DD779 /* cocos2d.m in Sources */,
				2EE1855D148756AB007DD779 /* CCDirectorIOS.m in Sources */,
				2EE18561148756AB007DD779 /* CCTouchDispatcher.m in Sources */,
				2EE18564148756AB007DD779 /* CCTouchHandler.m in Sources */,
				2EE18567148756AC007DD779 /* EAGLView.m in Sources */,
				2EE1856A148756AC007DD779 /* ES1Renderer.m in Sources */,
				2EE1856D148756AC007DD779 /* glu.c in Sources */,
				2EE18572148756AC007DD779 /* CCDirectorMac.m in Sources */,
				2EE18575148756AC007DD779 /* CCEventDispatcher.m in Sources */,
				2EE18578148756AC007DD779 /* MacGLView.m in Sources */,
				2EE1857B148756AC007DD779 /* MacWindow.m in Sources */,
				2EE1857E148756AC007DD779 /* base64.c in Sources */,
				2EE18582148756AC007DD779 /* CCArray.m in Sources */,
				2EE18586148756AC007DD779 /* CCFileUtils.m in Sources */,
				2EE18589148756AC007DD779 /* CCProfiling.m in Sources */,
				2EE1858B148756AC007DD779 /* ccUtils.c in Sources */,
				2EE1858F148756AC007DD779 /* CGPointExtension.m in Sources */,
				2EE18593148756AC007DD779 /* TGAlib.m in Sources */,
				2EE18596148756AC007DD779 /* TransformUtils.m in Sources */,
				2EE1859B148756AC007DD779 /* ZipUtils.m in Sources */,
				2EE185A0148756AC007DD779 /* CDAudioManager.m in Sources */,
				2EE185A4148756AC007DD779 /* CDOpenALSupport.m in Sources */,
				2EE185A7148756AC007DD779 /* CocosDenshion.m in Sources */,
				2EE185AA148756AC007DD779 /* SimpleAudioEngine.m in Sources */,
				2EE185AF148756AC007DD779 /* CLScoreServerPost.m in Sources */,
				2EE185B2148756AC007DD779 /* CLScoreServerRequest.m in Sources */,
				2EE185B5148756AC007DD779 /* cocoslive.m in Sources */,
				2EE185BA148756AC007DD779 /* CDataScanner.m in Sources */,
				2EE185BE148756AC007DD779 /* CDataScanner_Extensions.m in Sources */,
				2EE185C1148756AC007DD779 /* NSDictionary_JSONExtensions.m in Sources */,
				2EE185C5148756AC007DD779 /* CJSONDeserializer.m in Sources */,
				2EE185C8148756AC007DD779 /* CJSONScanner.m in Sources */,
				2EE185CB148756AC007DD779 /* CJSONSerializer.m in Sources */,
				2EE185D0148756AC007DD779 /* FontLabel.m in Sources */,
				2EE185D3148756AC007DD779 /* FontLabelStringDrawing.m in Sources */,
				2EE185D6148756AC007DD779 /* FontManager.m in Sources */,
				2EE185D9148756AC007DD779 /* ZAttributedString.m in Sources */,
				2EE185DD148756AC007DD779 /* ZFont.m in Sources */,
				2EE185E2148756AC007DD779 /* main.m in Sources */,
				2EE185E5148756AC007DD779 /* AppDelegate.m in Sources */,
				2EE185E8148756AC007DD779 /* RootViewController.m in Sources */,
				2EE185EB148756AC007DD779 /* HelloWorldLayer.m in Sources */,
			);
			runOnlyForDeploymentPostprocessing = 0;
		};
/* End PBXSourcesBuildPhase section */

/* Begin XCBuildConfiguration section */
		2EE185ED148756AC007DD779 /* Debug */ = {
			isa = XCBuildConfiguration;
			buildSettings = {
				ARCHS = "$(ARCHS_STANDARD_32_BIT)";
				"CODE_SIGN_IDENTITY[sdk=iphoneos*]" = "iPhone Developer";
				GCC_C_LANGUAGE_STANDARD = gnu99;
				GCC_OPTIMIZATION_LEVEL = 0;
				GCC_PREPROCESSOR_DEFINITIONS = (
					DEBUG,
					"COCOS2D_DEBUG=1",
				);
				GCC_SYMBOLS_PRIVATE_EXTERN = NO;
				GCC_VERSION = com.apple.compilers.llvmgcc42;
				GCC_WARN_ABOUT_RETURN_TYPE = YES;
				GCC_WARN_UNUSED_VARIABLE = YES;
				IPHONEOS_DEPLOYMENT_TARGET = 5.0;
				SDKROOT = iphoneos;
			};
			name = Debug;
		};
		2EE185EE148756AC007DD779 /* Release */ = {
			isa = XCBuildConfiguration;
			buildSettings = {
				ARCHS = "$(ARCHS_STANDARD_32_BIT)";
				"CODE_SIGN_IDENTITY[sdk=iphoneos*]" = "iPhone Developer";
				GCC_C_LANGUAGE_STANDARD = gnu99;
				GCC_PREPROCESSOR_DEFINITIONS = NDEBUG;
				GCC_VERSION = com.apple.compilers.llvmgcc42;
				GCC_WARN_ABOUT_RETURN_TYPE = YES;
				GCC_WARN_UNUSED_VARIABLE = YES;
				IPHONEOS_DEPLOYMENT_TARGET = 5.0;
				OTHER_CFLAGS = "-DNS_BLOCK_ASSERTIONS=1";
				SDKROOT = iphoneos;
			};
			name = Release;
		};
		2EE185F0148756AC007DD779 /* Debug */ = {
			isa = XCBuildConfiguration;
			buildSettings = {
				ALWAYS_SEARCH_USER_PATHS = NO;
				COPY_PHASE_STRIP = NO;
				GCC_DYNAMIC_NO_PIC = NO;
				GCC_PRECOMPILE_PREFIX_HEADER = YES;
				GCC_PREFIX_HEADER = ptaci/Prefix.pch;
				"GCC_THUMB_SUPPORT[arch=armv6]" = "";
				INFOPLIST_FILE = ptaci/Resources/Info.plist;
				OTHER_LDFLAGS = "-lz";
				PRODUCT_NAME = "$(TARGET_NAME)";
				WRAPPER_EXTENSION = app;
			};
			name = Debug;
		};
		2EE185F1148756AC007DD779 /* Release */ = {
			isa = XCBuildConfiguration;
			buildSettings = {
				ALWAYS_SEARCH_USER_PATHS = NO;
				COPY_PHASE_STRIP = YES;
				GCC_PRECOMPILE_PREFIX_HEADER = YES;
				GCC_PREFIX_HEADER = ptaci/Prefix.pch;
				"GCC_THUMB_SUPPORT[arch=armv6]" = "";
				INFOPLIST_FILE = ptaci/Resources/Info.plist;
				OTHER_LDFLAGS = "-lz";
				PRODUCT_NAME = "$(TARGET_NAME)";
				VALIDATE_PRODUCT = YES;
				WRAPPER_EXTENSION = app;
			};
			name = Release;
		};
/* End XCBuildConfiguration section */

/* Begin XCConfigurationList section */
		2EE18477148756AA007DD779 /* Build configuration list for PBXProject "ptaci" */ = {
			isa = XCConfigurationList;
			buildConfigurations = (
				2EE185ED148756AC007DD779 /* Debug */,
				2EE185EE148756AC007DD779 /* Release */,
			);
			defaultConfigurationIsVisible = 0;
			defaultConfigurationName = Release;
		};
		2EE185EF148756AC007DD779 /* Build configuration list for PBXNativeTarget "ptaci" */ = {
			isa = XCConfigurationList;
			buildConfigurations = (
				2EE185F0148756AC007DD779 /* Debug */,
				2EE185F1148756AC007DD779 /* Release */,
			);
			defaultConfigurationIsVisible = 0;
		};
/* End XCConfigurationList section */
	};
	rootObject = 2EE18474148756AA007DD779 /* Project object */;
}
